
Microsoft Visual Studio Solution File, Format Version 12.00
# Visual Studio Version 17
VisualStudioVersion = 17.5.33516.290
MinimumVisualStudioVersion = 10.0.40219.1
Project("{2150E333-8FDC-42A3-9474-1A3956D46DE8}") = "Src", "Src", "{07E5D0D9-0E0B-4764-ABCD-610A09A91EFB}"
EndProject
Project("{2150E333-8FDC-42A3-9474-1A3956D46DE8}") = "Tests", "Tests", "{F56AAC60-8A3C-4E20-A9B1-B9843FD879E4}"
	ProjectSection(SolutionItems) = preProject
		Tests\TestFile.txt = Tests\TestFile.txt
	EndProjectSection
EndProject
Project("{2150E333-8FDC-42A3-9474-1A3956D46DE8}") = "SimpliHR.Endpoints", "SimpliHR.Endpoints", "{839098BF-BB3F-4158-8080-F3DBBF396BE7}"
EndProject
Project("{9A19103F-16F7-4668-BE54-9A1E7A4F7556}") = "Masters", "Src\SimpliHR.EndPoints\Masters\Masters.csproj", "{B5625C58-3ECD-4298-9833-2A2ADA83896C}"
EndProject
Project("{9A19103F-16F7-4668-BE54-9A1E7A4F7556}") = "Login", "Src\SimpliHR.EndPoints\Login\Login.csproj", "{A48EA94D-FD34-4157-B750-4C10363E65FB}"
EndProject
Project("{9A19103F-16F7-4668-BE54-9A1E7A4F7556}") = "SimpliHR.Core", "Src\SimpliHR.Core\SimpliHR.Core.csproj", "{AC29B352-24D6-41BC-B1B0-79C85222F352}"
EndProject
Project("{9A19103F-16F7-4668-BE54-9A1E7A4F7556}") = "SimpliHR.Infrastructure", "Src\SimpliHR.Infrastructure\SimpliHR.Infrastructure.csproj", "{3A8D7C3F-2498-4EA8-A642-FE6823DE92D9}"
EndProject
Project("{9A19103F-16F7-4668-BE54-9A1E7A4F7556}") = "SimpliHR.Services", "Src\SimpliHR.Services\SimpliHR.Services.csproj", "{96B57473-1255-4BC1-89C3-1F1F8E1DAF25}"
EndProject
Project("{9A19103F-16F7-4668-BE54-9A1E7A4F7556}") = "SimpliHR.WebUI", "Src\SimpliHR.WebUI\SimpliHR.WebUI.csproj", "{F6B31E56-C6F0-4104-AFAA-6F578A1133C4}"
EndProject
Project("{9A19103F-16F7-4668-BE54-9A1E7A4F7556}") = "Common", "Src\SimpliHR.Endpoints\MastersKeyValue\Common.csproj", "{C31BFBEB-1AE1-40CF-BDE2-0473A45CC5AC}"
EndProject
Project("{9A19103F-16F7-4668-BE54-9A1E7A4F7556}") = "Employee", "Src\SimpliHR.Endpoints\Employee\Employee.csproj", "{47D1EC6E-41D5-4691-9A68-47721664930A}"
EndProject
Project("{9A19103F-16F7-4668-BE54-9A1E7A4F7556}") = "ClientManagement", "Src\SimpliHR.Endpoints\ClientManagement\ClientManagement.csproj", "{2A9464CD-7DBC-422F-A142-56C731B6D5A5}"
EndProject
Project("{9A19103F-16F7-4668-BE54-9A1E7A4F7556}") = "Attendance", "Src\SimpliHR.Endpoints\Attendance\Attendance.csproj", "{15D0CE8E-9182-4DF1-BDB8-8E545553B86F}"
EndProject
Project("{9A19103F-16F7-4668-BE54-9A1E7A4F7556}") = "RolesAndPermissions", "Src\SimpliHR.Endpoints\RolesAndPermissions\RolesAndPermissions.csproj", "{0D210B1B-1A6F-43D6-94D8-6219DFFEF727}"
EndProject
Project("{9A19103F-16F7-4668-BE54-9A1E7A4F7556}") = "Leave", "Src\SimpliHR.Endpoints\Leave\Leave.csproj", "{95CBD6C6-34F2-45A8-B74C-A37A1CC5C6AA}"
EndProject
Project("{9A19103F-16F7-4668-BE54-9A1E7A4F7556}") = "StatutoryComponents", "Src\SimpliHR.Endpoints\StatutoryComponents\StatutoryComponents.csproj", "{078A159E-6132-4962-8FD3-55397D6B27C1}"
EndProject
Project("{9A19103F-16F7-4668-BE54-9A1E7A4F7556}") = "Payroll", "Src\SimpliHR.Endpoints\Payroll\Payroll.csproj", "{9F293A4B-B1C3-4B7B-A663-B286E29E94F3}"
EndProject
Project("{2150E333-8FDC-42A3-9474-1A3956D46DE8}") = "documents", "documents", "{B1B94B36-2B9F-4594-9E27-76BE104B208E}"
	ProjectSection(SolutionItems) = preProject
		..\..\..\simplyhr\HRMS_Docs\Employee_Exit_Management.docx = ..\..\..\simplyhr\HRMS_Docs\Employee_Exit_Management.docx
		..\..\..\simplyhr\HRMS_Docs\Leave PPT.pptx = ..\..\..\simplyhr\HRMS_Docs\Leave PPT.pptx
		..\..\..\simplyhr\HRMS_Docs\Payroll.docx = ..\..\..\simplyhr\HRMS_Docs\Payroll.docx
		..\..\..\simplyhr\HRMS_Docs\Payroll_module.docx = ..\..\..\simplyhr\HRMS_Docs\Payroll_module.docx
	EndProjectSection
EndProject
Project("{9A19103F-16F7-4668-BE54-9A1E7A4F7556}") = "Exit", "Src\SimpliHR.Endpoints\Exit\Exit.csproj", "{D3003D50-EB72-4196-B9D7-46F73A8AD005}"
EndProject
Project("{9A19103F-16F7-4668-BE54-9A1E7A4F7556}") = "ProfileEditAuth", "Src\SimpliHR.Endpoints\ProfileEditAuth\ProfileEditAuth.csproj", "{15AA59C8-453B-4815-B462-74795E359798}"
EndProject
Project("{9A19103F-16F7-4668-BE54-9A1E7A4F7556}") = "EditEmployeeData", "Src\SimpliHR.Endpoints\EditEmployeeData\EditEmployeeData.csproj", "{B5D9BEF2-8F65-4F60-B980-54292EA0F82A}"
EndProject
Project("{9A19103F-16F7-4668-BE54-9A1E7A4F7556}") = "Performance", "Src\SimpliHR.Endpoints\Performance\Performance.csproj", "{DBCE0189-E225-4DB8-8803-9BE823614A8B}"
EndProject
Project("{9A19103F-16F7-4668-BE54-9A1E7A4F7556}") = "EmployeeSocialActivity", "Src\SimpliHR.Endpoints\EmployeeSocialActivity\EmployeeSocialActivity.csproj", "{FCA0203C-D7E6-4370-9703-0B28E4A55B7D}"
EndProject
Project("{9A19103F-16F7-4668-BE54-9A1E7A4F7556}") = "ProjectTracker", "Src\SimpliHR.Endpoints\ProjectTracker\ProjectTracker.csproj", "{845D092F-65BB-43DE-B511-67EFE21F15C6}"
EndProject
Project("{FAE04EC0-301F-11D3-BF4B-00C04F79EFBC}") = "QueryManagement", "Src\SimpliHR.Endpoints\QueryManagement\QueryManagement.csproj", "{A6340870-8530-493A-B597-E6633EEBCADB}"
EndProject
Global
	GlobalSection(SolutionConfigurationPlatforms) = preSolution
		Debug|Any CPU = Debug|Any CPU
		Debug|x64 = Debug|x64
		iOS Debug|Any CPU = iOS Debug|Any CPU
		iOS Debug|x64 = iOS Debug|x64
		iOS Release|Any CPU = iOS Release|Any CPU
		iOS Release|x64 = iOS Release|x64
		Release|Any CPU = Release|Any CPU
		Release|x64 = Release|x64
		Unity Debug|Any CPU = Unity Debug|Any CPU
		Unity Debug|x64 = Unity Debug|x64
		Unity iOS Debug|Any CPU = Unity iOS Debug|Any CPU
		Unity iOS Debug|x64 = Unity iOS Debug|x64
		Unity iOS Release|Any CPU = Unity iOS Release|Any CPU
		Unity iOS Release|x64 = Unity iOS Release|x64
		Unity Release|Any CPU = Unity Release|Any CPU
		Unity Release|x64 = Unity Release|x64
	EndGlobalSection
	GlobalSection(ProjectConfigurationPlatforms) = postSolution
		{B5625C58-3ECD-4298-9833-2A2ADA83896C}.Debug|Any CPU.ActiveCfg = Debug|Any CPU
		{B5625C58-3ECD-4298-9833-2A2ADA83896C}.Debug|Any CPU.Build.0 = Debug|Any CPU
		{B5625C58-3ECD-4298-9833-2A2ADA83896C}.Debug|x64.ActiveCfg = Debug|x64
		{B5625C58-3ECD-4298-9833-2A2ADA83896C}.Debug|x64.Build.0 = Debug|x64
		{B5625C58-3ECD-4298-9833-2A2ADA83896C}.iOS Debug|Any CPU.ActiveCfg = Debug|Any CPU
		{B5625C58-3ECD-4298-9833-2A2ADA83896C}.iOS Debug|Any CPU.Build.0 = Debug|Any CPU
		{B5625C58-3ECD-4298-9833-2A2ADA83896C}.iOS Debug|x64.ActiveCfg = Debug|x64
		{B5625C58-3ECD-4298-9833-2A2ADA83896C}.iOS Debug|x64.Build.0 = Debug|x64
		{B5625C58-3ECD-4298-9833-2A2ADA83896C}.iOS Release|Any CPU.ActiveCfg = Release|Any CPU
		{B5625C58-3ECD-4298-9833-2A2ADA83896C}.iOS Release|Any CPU.Build.0 = Release|Any CPU
		{B5625C58-3ECD-4298-9833-2A2ADA83896C}.iOS Release|x64.ActiveCfg = Release|x64
		{B5625C58-3ECD-4298-9833-2A2ADA83896C}.iOS Release|x64.Build.0 = Release|x64
		{B5625C58-3ECD-4298-9833-2A2ADA83896C}.Release|Any CPU.ActiveCfg = Release|Any CPU
		{B5625C58-3ECD-4298-9833-2A2ADA83896C}.Release|Any CPU.Build.0 = Release|Any CPU
		{B5625C58-3ECD-4298-9833-2A2ADA83896C}.Release|x64.ActiveCfg = Release|x64
		{B5625C58-3ECD-4298-9833-2A2ADA83896C}.Release|x64.Build.0 = Release|x64
		{B5625C58-3ECD-4298-9833-2A2ADA83896C}.Unity Debug|Any CPU.ActiveCfg = Debug|Any CPU
		{B5625C58-3ECD-4298-9833-2A2ADA83896C}.Unity Debug|Any CPU.Build.0 = Debug|Any CPU
		{B5625C58-3ECD-4298-9833-2A2ADA83896C}.Unity Debug|x64.ActiveCfg = Debug|x64
		{B5625C58-3ECD-4298-9833-2A2ADA83896C}.Unity Debug|x64.Build.0 = Debug|x64
		{B5625C58-3ECD-4298-9833-2A2ADA83896C}.Unity iOS Debug|Any CPU.ActiveCfg = Debug|Any CPU
		{B5625C58-3ECD-4298-9833-2A2ADA83896C}.Unity iOS Debug|Any CPU.Build.0 = Debug|Any CPU
		{B5625C58-3ECD-4298-9833-2A2ADA83896C}.Unity iOS Debug|x64.ActiveCfg = Debug|x64
		{B5625C58-3ECD-4298-9833-2A2ADA83896C}.Unity iOS Debug|x64.Build.0 = Debug|x64
		{B5625C58-3ECD-4298-9833-2A2ADA83896C}.Unity iOS Release|Any CPU.ActiveCfg = Release|Any CPU
		{B5625C58-3ECD-4298-9833-2A2ADA83896C}.Unity iOS Release|Any CPU.Build.0 = Release|Any CPU
		{B5625C58-3ECD-4298-9833-2A2ADA83896C}.Unity iOS Release|x64.ActiveCfg = Release|x64
		{B5625C58-3ECD-4298-9833-2A2ADA83896C}.Unity iOS Release|x64.Build.0 = Release|x64
		{B5625C58-3ECD-4298-9833-2A2ADA83896C}.Unity Release|Any CPU.ActiveCfg = Release|Any CPU
		{B5625C58-3ECD-4298-9833-2A2ADA83896C}.Unity Release|Any CPU.Build.0 = Release|Any CPU
		{B5625C58-3ECD-4298-9833-2A2ADA83896C}.Unity Release|x64.ActiveCfg = Release|x64
		{B5625C58-3ECD-4298-9833-2A2ADA83896C}.Unity Release|x64.Build.0 = Release|x64
		{A48EA94D-FD34-4157-B750-4C10363E65FB}.Debug|Any CPU.ActiveCfg = Debug|Any CPU
		{A48EA94D-FD34-4157-B750-4C10363E65FB}.Debug|Any CPU.Build.0 = Debug|Any CPU
		{A48EA94D-FD34-4157-B750-4C10363E65FB}.Debug|x64.ActiveCfg = Debug|x64
		{A48EA94D-FD34-4157-B750-4C10363E65FB}.Debug|x64.Build.0 = Debug|x64
		{A48EA94D-FD34-4157-B750-4C10363E65FB}.iOS Debug|Any CPU.ActiveCfg = Debug|Any CPU
		{A48EA94D-FD34-4157-B750-4C10363E65FB}.iOS Debug|Any CPU.Build.0 = Debug|Any CPU
		{A48EA94D-FD34-4157-B750-4C10363E65FB}.iOS Debug|x64.ActiveCfg = Debug|x64
		{A48EA94D-FD34-4157-B750-4C10363E65FB}.iOS Debug|x64.Build.0 = Debug|x64
		{A48EA94D-FD34-4157-B750-4C10363E65FB}.iOS Release|Any CPU.ActiveCfg = Release|Any CPU
		{A48EA94D-FD34-4157-B750-4C10363E65FB}.iOS Release|Any CPU.Build.0 = Release|Any CPU
		{A48EA94D-FD34-4157-B750-4C10363E65FB}.iOS Release|x64.ActiveCfg = Release|x64
		{A48EA94D-FD34-4157-B750-4C10363E65FB}.iOS Release|x64.Build.0 = Release|x64
		{A48EA94D-FD34-4157-B750-4C10363E65FB}.Release|Any CPU.ActiveCfg = Release|Any CPU
		{A48EA94D-FD34-4157-B750-4C10363E65FB}.Release|Any CPU.Build.0 = Release|Any CPU
		{A48EA94D-FD34-4157-B750-4C10363E65FB}.Release|x64.ActiveCfg = Release|x64
		{A48EA94D-FD34-4157-B750-4C10363E65FB}.Release|x64.Build.0 = Release|x64
		{A48EA94D-FD34-4157-B750-4C10363E65FB}.Unity Debug|Any CPU.ActiveCfg = Debug|Any CPU
		{A48EA94D-FD34-4157-B750-4C10363E65FB}.Unity Debug|Any CPU.Build.0 = Debug|Any CPU
		{A48EA94D-FD34-4157-B750-4C10363E65FB}.Unity Debug|x64.ActiveCfg = Debug|x64
		{A48EA94D-FD34-4157-B750-4C10363E65FB}.Unity Debug|x64.Build.0 = Debug|x64
		{A48EA94D-FD34-4157-B750-4C10363E65FB}.Unity iOS Debug|Any CPU.ActiveCfg = Debug|Any CPU
		{A48EA94D-FD34-4157-B750-4C10363E65FB}.Unity iOS Debug|Any CPU.Build.0 = Debug|Any CPU
		{A48EA94D-FD34-4157-B750-4C10363E65FB}.Unity iOS Debug|x64.ActiveCfg = Debug|x64
		{A48EA94D-FD34-4157-B750-4C10363E65FB}.Unity iOS Debug|x64.Build.0 = Debug|x64
		{A48EA94D-FD34-4157-B750-4C10363E65FB}.Unity iOS Release|Any CPU.ActiveCfg = Release|Any CPU
		{A48EA94D-FD34-4157-B750-4C10363E65FB}.Unity iOS Release|Any CPU.Build.0 = Release|Any CPU
		{A48EA94D-FD34-4157-B750-4C10363E65FB}.Unity iOS Release|x64.ActiveCfg = Release|x64
		{A48EA94D-FD34-4157-B750-4C10363E65FB}.Unity iOS Release|x64.Build.0 = Release|x64
		{A48EA94D-FD34-4157-B750-4C10363E65FB}.Unity Release|Any CPU.ActiveCfg = Release|Any CPU
		{A48EA94D-FD34-4157-B750-4C10363E65FB}.Unity Release|Any CPU.Build.0 = Release|Any CPU
		{A48EA94D-FD34-4157-B750-4C10363E65FB}.Unity Release|x64.ActiveCfg = Release|x64
		{A48EA94D-FD34-4157-B750-4C10363E65FB}.Unity Release|x64.Build.0 = Release|x64
		{AC29B352-24D6-41BC-B1B0-79C85222F352}.Debug|Any CPU.ActiveCfg = Debug|Any CPU
		{AC29B352-24D6-41BC-B1B0-79C85222F352}.Debug|Any CPU.Build.0 = Debug|Any CPU
		{AC29B352-24D6-41BC-B1B0-79C85222F352}.Debug|x64.ActiveCfg = Debug|x64
		{AC29B352-24D6-41BC-B1B0-79C85222F352}.Debug|x64.Build.0 = Debug|x64
		{AC29B352-24D6-41BC-B1B0-79C85222F352}.iOS Debug|Any CPU.ActiveCfg = Debug|Any CPU
		{AC29B352-24D6-41BC-B1B0-79C85222F352}.iOS Debug|Any CPU.Build.0 = Debug|Any CPU
		{AC29B352-24D6-41BC-B1B0-79C85222F352}.iOS Debug|x64.ActiveCfg = Debug|x64
		{AC29B352-24D6-41BC-B1B0-79C85222F352}.iOS Debug|x64.Build.0 = Debug|x64
		{AC29B352-24D6-41BC-B1B0-79C85222F352}.iOS Release|Any CPU.ActiveCfg = Release|Any CPU
		{AC29B352-24D6-41BC-B1B0-79C85222F352}.iOS Release|Any CPU.Build.0 = Release|Any CPU
		{AC29B352-24D6-41BC-B1B0-79C85222F352}.iOS Release|x64.ActiveCfg = Release|x64
		{AC29B352-24D6-41BC-B1B0-79C85222F352}.iOS Release|x64.Build.0 = Release|x64
		{AC29B352-24D6-41BC-B1B0-79C85222F352}.Release|Any CPU.ActiveCfg = Release|Any CPU
		{AC29B352-24D6-41BC-B1B0-79C85222F352}.Release|Any CPU.Build.0 = Release|Any CPU
		{AC29B352-24D6-41BC-B1B0-79C85222F352}.Release|x64.ActiveCfg = Release|x64
		{AC29B352-24D6-41BC-B1B0-79C85222F352}.Release|x64.Build.0 = Release|x64
		{AC29B352-24D6-41BC-B1B0-79C85222F352}.Unity Debug|Any CPU.ActiveCfg = Debug|Any CPU
		{AC29B352-24D6-41BC-B1B0-79C85222F352}.Unity Debug|Any CPU.Build.0 = Debug|Any CPU
		{AC29B352-24D6-41BC-B1B0-79C85222F352}.Unity Debug|x64.ActiveCfg = Debug|x64
		{AC29B352-24D6-41BC-B1B0-79C85222F352}.Unity Debug|x64.Build.0 = Debug|x64
		{AC29B352-24D6-41BC-B1B0-79C85222F352}.Unity iOS Debug|Any CPU.ActiveCfg = Debug|Any CPU
		{AC29B352-24D6-41BC-B1B0-79C85222F352}.Unity iOS Debug|Any CPU.Build.0 = Debug|Any CPU
		{AC29B352-24D6-41BC-B1B0-79C85222F352}.Unity iOS Debug|x64.ActiveCfg = Debug|x64
		{AC29B352-24D6-41BC-B1B0-79C85222F352}.Unity iOS Debug|x64.Build.0 = Debug|x64
		{AC29B352-24D6-41BC-B1B0-79C85222F352}.Unity iOS Release|Any CPU.ActiveCfg = Release|Any CPU
		{AC29B352-24D6-41BC-B1B0-79C85222F352}.Unity iOS Release|Any CPU.Build.0 = Release|Any CPU
		{AC29B352-24D6-41BC-B1B0-79C85222F352}.Unity iOS Release|x64.ActiveCfg = Release|x64
		{AC29B352-24D6-41BC-B1B0-79C85222F352}.Unity iOS Release|x64.Build.0 = Release|x64
		{AC29B352-24D6-41BC-B1B0-79C85222F352}.Unity Release|Any CPU.ActiveCfg = Release|Any CPU
		{AC29B352-24D6-41BC-B1B0-79C85222F352}.Unity Release|Any CPU.Build.0 = Release|Any CPU
		{AC29B352-24D6-41BC-B1B0-79C85222F352}.Unity Release|x64.ActiveCfg = Release|x64
		{AC29B352-24D6-41BC-B1B0-79C85222F352}.Unity Release|x64.Build.0 = Release|x64
		{3A8D7C3F-2498-4EA8-A642-FE6823DE92D9}.Debug|Any CPU.ActiveCfg = Debug|Any CPU
		{3A8D7C3F-2498-4EA8-A642-FE6823DE92D9}.Debug|Any CPU.Build.0 = Debug|Any CPU
		{3A8D7C3F-2498-4EA8-A642-FE6823DE92D9}.Debug|x64.ActiveCfg = Debug|x64
		{3A8D7C3F-2498-4EA8-A642-FE6823DE92D9}.Debug|x64.Build.0 = Debug|x64
		{3A8D7C3F-2498-4EA8-A642-FE6823DE92D9}.iOS Debug|Any CPU.ActiveCfg = Debug|Any CPU
		{3A8D7C3F-2498-4EA8-A642-FE6823DE92D9}.iOS Debug|Any CPU.Build.0 = Debug|Any CPU
		{3A8D7C3F-2498-4EA8-A642-FE6823DE92D9}.iOS Debug|x64.ActiveCfg = Debug|x64
		{3A8D7C3F-2498-4EA8-A642-FE6823DE92D9}.iOS Debug|x64.Build.0 = Debug|x64
		{3A8D7C3F-2498-4EA8-A642-FE6823DE92D9}.iOS Release|Any CPU.ActiveCfg = Release|Any CPU
		{3A8D7C3F-2498-4EA8-A642-FE6823DE92D9}.iOS Release|Any CPU.Build.0 = Release|Any CPU
		{3A8D7C3F-2498-4EA8-A642-FE6823DE92D9}.iOS Release|x64.ActiveCfg = Release|x64
		{3A8D7C3F-2498-4EA8-A642-FE6823DE92D9}.iOS Release|x64.Build.0 = Release|x64
		{3A8D7C3F-2498-4EA8-A642-FE6823DE92D9}.Release|Any CPU.ActiveCfg = Release|Any CPU
		{3A8D7C3F-2498-4EA8-A642-FE6823DE92D9}.Release|Any CPU.Build.0 = Release|Any CPU
		{3A8D7C3F-2498-4EA8-A642-FE6823DE92D9}.Release|x64.ActiveCfg = Release|x64
		{3A8D7C3F-2498-4EA8-A642-FE6823DE92D9}.Release|x64.Build.0 = Release|x64
		{3A8D7C3F-2498-4EA8-A642-FE6823DE92D9}.Unity Debug|Any CPU.ActiveCfg = Debug|Any CPU
		{3A8D7C3F-2498-4EA8-A642-FE6823DE92D9}.Unity Debug|Any CPU.Build.0 = Debug|Any CPU
		{3A8D7C3F-2498-4EA8-A642-FE6823DE92D9}.Unity Debug|x64.ActiveCfg = Debug|x64
		{3A8D7C3F-2498-4EA8-A642-FE6823DE92D9}.Unity Debug|x64.Build.0 = Debug|x64
		{3A8D7C3F-2498-4EA8-A642-FE6823DE92D9}.Unity iOS Debug|Any CPU.ActiveCfg = Debug|Any CPU
		{3A8D7C3F-2498-4EA8-A642-FE6823DE92D9}.Unity iOS Debug|Any CPU.Build.0 = Debug|Any CPU
		{3A8D7C3F-2498-4EA8-A642-FE6823DE92D9}.Unity iOS Debug|x64.ActiveCfg = Debug|x64
		{3A8D7C3F-2498-4EA8-A642-FE6823DE92D9}.Unity iOS Debug|x64.Build.0 = Debug|x64
		{3A8D7C3F-2498-4EA8-A642-FE6823DE92D9}.Unity iOS Release|Any CPU.ActiveCfg = Release|Any CPU
		{3A8D7C3F-2498-4EA8-A642-FE6823DE92D9}.Unity iOS Release|Any CPU.Build.0 = Release|Any CPU
		{3A8D7C3F-2498-4EA8-A642-FE6823DE92D9}.Unity iOS Release|x64.ActiveCfg = Release|x64
		{3A8D7C3F-2498-4EA8-A642-FE6823DE92D9}.Unity iOS Release|x64.Build.0 = Release|x64
		{3A8D7C3F-2498-4EA8-A642-FE6823DE92D9}.Unity Release|Any CPU.ActiveCfg = Release|Any CPU
		{3A8D7C3F-2498-4EA8-A642-FE6823DE92D9}.Unity Release|Any CPU.Build.0 = Release|Any CPU
		{3A8D7C3F-2498-4EA8-A642-FE6823DE92D9}.Unity Release|x64.ActiveCfg = Release|x64
		{3A8D7C3F-2498-4EA8-A642-FE6823DE92D9}.Unity Release|x64.Build.0 = Release|x64
		{96B57473-1255-4BC1-89C3-1F1F8E1DAF25}.Debug|Any CPU.ActiveCfg = Debug|Any CPU
		{96B57473-1255-4BC1-89C3-1F1F8E1DAF25}.Debug|Any CPU.Build.0 = Debug|Any CPU
		{96B57473-1255-4BC1-89C3-1F1F8E1DAF25}.Debug|x64.ActiveCfg = Debug|x64
		{96B57473-1255-4BC1-89C3-1F1F8E1DAF25}.Debug|x64.Build.0 = Debug|x64
		{96B57473-1255-4BC1-89C3-1F1F8E1DAF25}.iOS Debug|Any CPU.ActiveCfg = Debug|Any CPU
		{96B57473-1255-4BC1-89C3-1F1F8E1DAF25}.iOS Debug|Any CPU.Build.0 = Debug|Any CPU
		{96B57473-1255-4BC1-89C3-1F1F8E1DAF25}.iOS Debug|x64.ActiveCfg = Debug|x64
		{96B57473-1255-4BC1-89C3-1F1F8E1DAF25}.iOS Debug|x64.Build.0 = Debug|x64
		{96B57473-1255-4BC1-89C3-1F1F8E1DAF25}.iOS Release|Any CPU.ActiveCfg = Release|Any CPU
		{96B57473-1255-4BC1-89C3-1F1F8E1DAF25}.iOS Release|Any CPU.Build.0 = Release|Any CPU
		{96B57473-1255-4BC1-89C3-1F1F8E1DAF25}.iOS Release|x64.ActiveCfg = Release|x64
		{96B57473-1255-4BC1-89C3-1F1F8E1DAF25}.iOS Release|x64.Build.0 = Release|x64
		{96B57473-1255-4BC1-89C3-1F1F8E1DAF25}.Release|Any CPU.ActiveCfg = Release|Any CPU
		{96B57473-1255-4BC1-89C3-1F1F8E1DAF25}.Release|Any CPU.Build.0 = Release|Any CPU
		{96B57473-1255-4BC1-89C3-1F1F8E1DAF25}.Release|x64.ActiveCfg = Release|x64
		{96B57473-1255-4BC1-89C3-1F1F8E1DAF25}.Release|x64.Build.0 = Release|x64
		{96B57473-1255-4BC1-89C3-1F1F8E1DAF25}.Unity Debug|Any CPU.ActiveCfg = Debug|Any CPU
		{96B57473-1255-4BC1-89C3-1F1F8E1DAF25}.Unity Debug|Any CPU.Build.0 = Debug|Any CPU
		{96B57473-1255-4BC1-89C3-1F1F8E1DAF25}.Unity Debug|x64.ActiveCfg = Debug|x64
		{96B57473-1255-4BC1-89C3-1F1F8E1DAF25}.Unity Debug|x64.Build.0 = Debug|x64
		{96B57473-1255-4BC1-89C3-1F1F8E1DAF25}.Unity iOS Debug|Any CPU.ActiveCfg = Debug|Any CPU
		{96B57473-1255-4BC1-89C3-1F1F8E1DAF25}.Unity iOS Debug|Any CPU.Build.0 = Debug|Any CPU
		{96B57473-1255-4BC1-89C3-1F1F8E1DAF25}.Unity iOS Debug|x64.ActiveCfg = Debug|x64
		{96B57473-1255-4BC1-89C3-1F1F8E1DAF25}.Unity iOS Debug|x64.Build.0 = Debug|x64
		{96B57473-1255-4BC1-89C3-1F1F8E1DAF25}.Unity iOS Release|Any CPU.ActiveCfg = Release|Any CPU
		{96B57473-1255-4BC1-89C3-1F1F8E1DAF25}.Unity iOS Release|Any CPU.Build.0 = Release|Any CPU
		{96B57473-1255-4BC1-89C3-1F1F8E1DAF25}.Unity iOS Release|x64.ActiveCfg = Release|x64
		{96B57473-1255-4BC1-89C3-1F1F8E1DAF25}.Unity iOS Release|x64.Build.0 = Release|x64
		{96B57473-1255-4BC1-89C3-1F1F8E1DAF25}.Unity Release|Any CPU.ActiveCfg = Release|Any CPU
		{96B57473-1255-4BC1-89C3-1F1F8E1DAF25}.Unity Release|Any CPU.Build.0 = Release|Any CPU
		{96B57473-1255-4BC1-89C3-1F1F8E1DAF25}.Unity Release|x64.ActiveCfg = Release|x64
		{96B57473-1255-4BC1-89C3-1F1F8E1DAF25}.Unity Release|x64.Build.0 = Release|x64
		{F6B31E56-C6F0-4104-AFAA-6F578A1133C4}.Debug|Any CPU.ActiveCfg = Debug|Any CPU
		{F6B31E56-C6F0-4104-AFAA-6F578A1133C4}.Debug|Any CPU.Build.0 = Debug|Any CPU
		{F6B31E56-C6F0-4104-AFAA-6F578A1133C4}.Debug|x64.ActiveCfg = Debug|x64
		{F6B31E56-C6F0-4104-AFAA-6F578A1133C4}.Debug|x64.Build.0 = Debug|x64
		{F6B31E56-C6F0-4104-AFAA-6F578A1133C4}.iOS Debug|Any CPU.ActiveCfg = Debug|Any CPU
		{F6B31E56-C6F0-4104-AFAA-6F578A1133C4}.iOS Debug|Any CPU.Build.0 = Debug|Any CPU
		{F6B31E56-C6F0-4104-AFAA-6F578A1133C4}.iOS Debug|x64.ActiveCfg = Debug|x64
		{F6B31E56-C6F0-4104-AFAA-6F578A1133C4}.iOS Debug|x64.Build.0 = Debug|x64
		{F6B31E56-C6F0-4104-AFAA-6F578A1133C4}.iOS Release|Any CPU.ActiveCfg = Release|Any CPU
		{F6B31E56-C6F0-4104-AFAA-6F578A1133C4}.iOS Release|Any CPU.Build.0 = Release|Any CPU
		{F6B31E56-C6F0-4104-AFAA-6F578A1133C4}.iOS Release|x64.ActiveCfg = Release|x64
		{F6B31E56-C6F0-4104-AFAA-6F578A1133C4}.iOS Release|x64.Build.0 = Release|x64
		{F6B31E56-C6F0-4104-AFAA-6F578A1133C4}.Release|Any CPU.ActiveCfg = Release|Any CPU
		{F6B31E56-C6F0-4104-AFAA-6F578A1133C4}.Release|Any CPU.Build.0 = Release|Any CPU
		{F6B31E56-C6F0-4104-AFAA-6F578A1133C4}.Release|x64.ActiveCfg = Release|x64
		{F6B31E56-C6F0-4104-AFAA-6F578A1133C4}.Release|x64.Build.0 = Release|x64
		{F6B31E56-C6F0-4104-AFAA-6F578A1133C4}.Unity Debug|Any CPU.ActiveCfg = Debug|Any CPU
		{F6B31E56-C6F0-4104-AFAA-6F578A1133C4}.Unity Debug|Any CPU.Build.0 = Debug|Any CPU
		{F6B31E56-C6F0-4104-AFAA-6F578A1133C4}.Unity Debug|x64.ActiveCfg = Debug|x64
		{F6B31E56-C6F0-4104-AFAA-6F578A1133C4}.Unity Debug|x64.Build.0 = Debug|x64
		{F6B31E56-C6F0-4104-AFAA-6F578A1133C4}.Unity iOS Debug|Any CPU.ActiveCfg = Debug|Any CPU
		{F6B31E56-C6F0-4104-AFAA-6F578A1133C4}.Unity iOS Debug|Any CPU.Build.0 = Debug|Any CPU
		{F6B31E56-C6F0-4104-AFAA-6F578A1133C4}.Unity iOS Debug|x64.ActiveCfg = Debug|x64
		{F6B31E56-C6F0-4104-AFAA-6F578A1133C4}.Unity iOS Debug|x64.Build.0 = Debug|x64
		{F6B31E56-C6F0-4104-AFAA-6F578A1133C4}.Unity iOS Release|Any CPU.ActiveCfg = Release|Any CPU
		{F6B31E56-C6F0-4104-AFAA-6F578A1133C4}.Unity iOS Release|Any CPU.Build.0 = Release|Any CPU
		{F6B31E56-C6F0-4104-AFAA-6F578A1133C4}.Unity iOS Release|x64.ActiveCfg = Release|x64
		{F6B31E56-C6F0-4104-AFAA-6F578A1133C4}.Unity iOS Release|x64.Build.0 = Release|x64
		{F6B31E56-C6F0-4104-AFAA-6F578A1133C4}.Unity Release|Any CPU.ActiveCfg = Release|Any CPU
		{F6B31E56-C6F0-4104-AFAA-6F578A1133C4}.Unity Release|Any CPU.Build.0 = Release|Any CPU
		{F6B31E56-C6F0-4104-AFAA-6F578A1133C4}.Unity Release|x64.ActiveCfg = Release|x64
		{F6B31E56-C6F0-4104-AFAA-6F578A1133C4}.Unity Release|x64.Build.0 = Release|x64
		{C31BFBEB-1AE1-40CF-BDE2-0473A45CC5AC}.Debug|Any CPU.ActiveCfg = Debug|Any CPU
		{C31BFBEB-1AE1-40CF-BDE2-0473A45CC5AC}.Debug|Any CPU.Build.0 = Debug|Any CPU
		{C31BFBEB-1AE1-40CF-BDE2-0473A45CC5AC}.Debug|x64.ActiveCfg = Debug|x64
		{C31BFBEB-1AE1-40CF-BDE2-0473A45CC5AC}.Debug|x64.Build.0 = Debug|x64
		{C31BFBEB-1AE1-40CF-BDE2-0473A45CC5AC}.iOS Debug|Any CPU.ActiveCfg = Debug|Any CPU
		{C31BFBEB-1AE1-40CF-BDE2-0473A45CC5AC}.iOS Debug|Any CPU.Build.0 = Debug|Any CPU
		{C31BFBEB-1AE1-40CF-BDE2-0473A45CC5AC}.iOS Debug|x64.ActiveCfg = Debug|x64
		{C31BFBEB-1AE1-40CF-BDE2-0473A45CC5AC}.iOS Debug|x64.Build.0 = Debug|x64
		{C31BFBEB-1AE1-40CF-BDE2-0473A45CC5AC}.iOS Release|Any CPU.ActiveCfg = Release|Any CPU
		{C31BFBEB-1AE1-40CF-BDE2-0473A45CC5AC}.iOS Release|Any CPU.Build.0 = Release|Any CPU
		{C31BFBEB-1AE1-40CF-BDE2-0473A45CC5AC}.iOS Release|x64.ActiveCfg = Release|x64
		{C31BFBEB-1AE1-40CF-BDE2-0473A45CC5AC}.iOS Release|x64.Build.0 = Release|x64
		{C31BFBEB-1AE1-40CF-BDE2-0473A45CC5AC}.Release|Any CPU.ActiveCfg = Release|Any CPU
		{C31BFBEB-1AE1-40CF-BDE2-0473A45CC5AC}.Release|Any CPU.Build.0 = Release|Any CPU
		{C31BFBEB-1AE1-40CF-BDE2-0473A45CC5AC}.Release|x64.ActiveCfg = Release|x64
		{C31BFBEB-1AE1-40CF-BDE2-0473A45CC5AC}.Release|x64.Build.0 = Release|x64
		{C31BFBEB-1AE1-40CF-BDE2-0473A45CC5AC}.Unity Debug|Any CPU.ActiveCfg = Debug|Any CPU
		{C31BFBEB-1AE1-40CF-BDE2-0473A45CC5AC}.Unity Debug|Any CPU.Build.0 = Debug|Any CPU
		{C31BFBEB-1AE1-40CF-BDE2-0473A45CC5AC}.Unity Debug|x64.ActiveCfg = Debug|x64
		{C31BFBEB-1AE1-40CF-BDE2-0473A45CC5AC}.Unity Debug|x64.Build.0 = Debug|x64
		{C31BFBEB-1AE1-40CF-BDE2-0473A45CC5AC}.Unity iOS Debug|Any CPU.ActiveCfg = Debug|Any CPU
		{C31BFBEB-1AE1-40CF-BDE2-0473A45CC5AC}.Unity iOS Debug|Any CPU.Build.0 = Debug|Any CPU
		{C31BFBEB-1AE1-40CF-BDE2-0473A45CC5AC}.Unity iOS Debug|x64.ActiveCfg = Debug|x64
		{C31BFBEB-1AE1-40CF-BDE2-0473A45CC5AC}.Unity iOS Debug|x64.Build.0 = Debug|x64
		{C31BFBEB-1AE1-40CF-BDE2-0473A45CC5AC}.Unity iOS Release|Any CPU.ActiveCfg = Release|Any CPU
		{C31BFBEB-1AE1-40CF-BDE2-0473A45CC5AC}.Unity iOS Release|Any CPU.Build.0 = Release|Any CPU
		{C31BFBEB-1AE1-40CF-BDE2-0473A45CC5AC}.Unity iOS Release|x64.ActiveCfg = Release|x64
		{C31BFBEB-1AE1-40CF-BDE2-0473A45CC5AC}.Unity iOS Release|x64.Build.0 = Release|x64
		{C31BFBEB-1AE1-40CF-BDE2-0473A45CC5AC}.Unity Release|Any CPU.ActiveCfg = Release|Any CPU
		{C31BFBEB-1AE1-40CF-BDE2-0473A45CC5AC}.Unity Release|Any CPU.Build.0 = Release|Any CPU
		{C31BFBEB-1AE1-40CF-BDE2-0473A45CC5AC}.Unity Release|x64.ActiveCfg = Release|x64
		{C31BFBEB-1AE1-40CF-BDE2-0473A45CC5AC}.Unity Release|x64.Build.0 = Release|x64
		{47D1EC6E-41D5-4691-9A68-47721664930A}.Debug|Any CPU.ActiveCfg = Debug|Any CPU
		{47D1EC6E-41D5-4691-9A68-47721664930A}.Debug|Any CPU.Build.0 = Debug|Any CPU
		{47D1EC6E-41D5-4691-9A68-47721664930A}.Debug|x64.ActiveCfg = Debug|x64
		{47D1EC6E-41D5-4691-9A68-47721664930A}.Debug|x64.Build.0 = Debug|x64
		{47D1EC6E-41D5-4691-9A68-47721664930A}.iOS Debug|Any CPU.ActiveCfg = Debug|Any CPU
		{47D1EC6E-41D5-4691-9A68-47721664930A}.iOS Debug|Any CPU.Build.0 = Debug|Any CPU
		{47D1EC6E-41D5-4691-9A68-47721664930A}.iOS Debug|x64.ActiveCfg = Debug|x64
		{47D1EC6E-41D5-4691-9A68-47721664930A}.iOS Debug|x64.Build.0 = Debug|x64
		{47D1EC6E-41D5-4691-9A68-47721664930A}.iOS Release|Any CPU.ActiveCfg = Release|Any CPU
		{47D1EC6E-41D5-4691-9A68-47721664930A}.iOS Release|Any CPU.Build.0 = Release|Any CPU
		{47D1EC6E-41D5-4691-9A68-47721664930A}.iOS Release|x64.ActiveCfg = Release|x64
		{47D1EC6E-41D5-4691-9A68-47721664930A}.iOS Release|x64.Build.0 = Release|x64
		{47D1EC6E-41D5-4691-9A68-47721664930A}.Release|Any CPU.ActiveCfg = Release|Any CPU
		{47D1EC6E-41D5-4691-9A68-47721664930A}.Release|Any CPU.Build.0 = Release|Any CPU
		{47D1EC6E-41D5-4691-9A68-47721664930A}.Release|x64.ActiveCfg = Release|x64
		{47D1EC6E-41D5-4691-9A68-47721664930A}.Release|x64.Build.0 = Release|x64
		{47D1EC6E-41D5-4691-9A68-47721664930A}.Unity Debug|Any CPU.ActiveCfg = Debug|Any CPU
		{47D1EC6E-41D5-4691-9A68-47721664930A}.Unity Debug|Any CPU.Build.0 = Debug|Any CPU
		{47D1EC6E-41D5-4691-9A68-47721664930A}.Unity Debug|x64.ActiveCfg = Debug|x64
		{47D1EC6E-41D5-4691-9A68-47721664930A}.Unity Debug|x64.Build.0 = Debug|x64
		{47D1EC6E-41D5-4691-9A68-47721664930A}.Unity iOS Debug|Any CPU.ActiveCfg = Debug|Any CPU
		{47D1EC6E-41D5-4691-9A68-47721664930A}.Unity iOS Debug|Any CPU.Build.0 = Debug|Any CPU
		{47D1EC6E-41D5-4691-9A68-47721664930A}.Unity iOS Debug|x64.ActiveCfg = Debug|x64
		{47D1EC6E-41D5-4691-9A68-47721664930A}.Unity iOS Debug|x64.Build.0 = Debug|x64
		{47D1EC6E-41D5-4691-9A68-47721664930A}.Unity iOS Release|Any CPU.ActiveCfg = Release|Any CPU
		{47D1EC6E-41D5-4691-9A68-47721664930A}.Unity iOS Release|Any CPU.Build.0 = Release|Any CPU
		{47D1EC6E-41D5-4691-9A68-47721664930A}.Unity iOS Release|x64.ActiveCfg = Release|x64
		{47D1EC6E-41D5-4691-9A68-47721664930A}.Unity iOS Release|x64.Build.0 = Release|x64
		{47D1EC6E-41D5-4691-9A68-47721664930A}.Unity Release|Any CPU.ActiveCfg = Release|Any CPU
		{47D1EC6E-41D5-4691-9A68-47721664930A}.Unity Release|Any CPU.Build.0 = Release|Any CPU
		{47D1EC6E-41D5-4691-9A68-47721664930A}.Unity Release|x64.ActiveCfg = Release|x64
		{47D1EC6E-41D5-4691-9A68-47721664930A}.Unity Release|x64.Build.0 = Release|x64
		{2A9464CD-7DBC-422F-A142-56C731B6D5A5}.Debug|Any CPU.ActiveCfg = Debug|Any CPU
		{2A9464CD-7DBC-422F-A142-56C731B6D5A5}.Debug|Any CPU.Build.0 = Debug|Any CPU
		{2A9464CD-7DBC-422F-A142-56C731B6D5A5}.Debug|x64.ActiveCfg = Debug|x64
		{2A9464CD-7DBC-422F-A142-56C731B6D5A5}.Debug|x64.Build.0 = Debug|x64
		{2A9464CD-7DBC-422F-A142-56C731B6D5A5}.iOS Debug|Any CPU.ActiveCfg = Debug|Any CPU
		{2A9464CD-7DBC-422F-A142-56C731B6D5A5}.iOS Debug|Any CPU.Build.0 = Debug|Any CPU
		{2A9464CD-7DBC-422F-A142-56C731B6D5A5}.iOS Debug|x64.ActiveCfg = Debug|x64
		{2A9464CD-7DBC-422F-A142-56C731B6D5A5}.iOS Debug|x64.Build.0 = Debug|x64
		{2A9464CD-7DBC-422F-A142-56C731B6D5A5}.iOS Release|Any CPU.ActiveCfg = Release|Any CPU
		{2A9464CD-7DBC-422F-A142-56C731B6D5A5}.iOS Release|Any CPU.Build.0 = Release|Any CPU
		{2A9464CD-7DBC-422F-A142-56C731B6D5A5}.iOS Release|x64.ActiveCfg = Release|x64
		{2A9464CD-7DBC-422F-A142-56C731B6D5A5}.iOS Release|x64.Build.0 = Release|x64
		{2A9464CD-7DBC-422F-A142-56C731B6D5A5}.Release|Any CPU.ActiveCfg = Release|Any CPU
		{2A9464CD-7DBC-422F-A142-56C731B6D5A5}.Release|Any CPU.Build.0 = Release|Any CPU
		{2A9464CD-7DBC-422F-A142-56C731B6D5A5}.Release|x64.ActiveCfg = Release|x64
		{2A9464CD-7DBC-422F-A142-56C731B6D5A5}.Release|x64.Build.0 = Release|x64
		{2A9464CD-7DBC-422F-A142-56C731B6D5A5}.Unity Debug|Any CPU.ActiveCfg = Debug|Any CPU
		{2A9464CD-7DBC-422F-A142-56C731B6D5A5}.Unity Debug|Any CPU.Build.0 = Debug|Any CPU
		{2A9464CD-7DBC-422F-A142-56C731B6D5A5}.Unity Debug|x64.ActiveCfg = Debug|x64
		{2A9464CD-7DBC-422F-A142-56C731B6D5A5}.Unity Debug|x64.Build.0 = Debug|x64
		{2A9464CD-7DBC-422F-A142-56C731B6D5A5}.Unity iOS Debug|Any CPU.ActiveCfg = Debug|Any CPU
		{2A9464CD-7DBC-422F-A142-56C731B6D5A5}.Unity iOS Debug|Any CPU.Build.0 = Debug|Any CPU
		{2A9464CD-7DBC-422F-A142-56C731B6D5A5}.Unity iOS Debug|x64.ActiveCfg = Debug|x64
		{2A9464CD-7DBC-422F-A142-56C731B6D5A5}.Unity iOS Debug|x64.Build.0 = Debug|x64
		{2A9464CD-7DBC-422F-A142-56C731B6D5A5}.Unity iOS Release|Any CPU.ActiveCfg = Release|Any CPU
		{2A9464CD-7DBC-422F-A142-56C731B6D5A5}.Unity iOS Release|Any CPU.Build.0 = Release|Any CPU
		{2A9464CD-7DBC-422F-A142-56C731B6D5A5}.Unity iOS Release|x64.ActiveCfg = Release|x64
		{2A9464CD-7DBC-422F-A142-56C731B6D5A5}.Unity iOS Release|x64.Build.0 = Release|x64
		{2A9464CD-7DBC-422F-A142-56C731B6D5A5}.Unity Release|Any CPU.ActiveCfg = Release|Any CPU
		{2A9464CD-7DBC-422F-A142-56C731B6D5A5}.Unity Release|Any CPU.Build.0 = Release|Any CPU
		{2A9464CD-7DBC-422F-A142-56C731B6D5A5}.Unity Release|x64.ActiveCfg = Release|x64
		{2A9464CD-7DBC-422F-A142-56C731B6D5A5}.Unity Release|x64.Build.0 = Release|x64
		{15D0CE8E-9182-4DF1-BDB8-8E545553B86F}.Debug|Any CPU.ActiveCfg = Debug|Any CPU
		{15D0CE8E-9182-4DF1-BDB8-8E545553B86F}.Debug|Any CPU.Build.0 = Debug|Any CPU
		{15D0CE8E-9182-4DF1-BDB8-8E545553B86F}.Debug|x64.ActiveCfg = Debug|x64
		{15D0CE8E-9182-4DF1-BDB8-8E545553B86F}.Debug|x64.Build.0 = Debug|x64
		{15D0CE8E-9182-4DF1-BDB8-8E545553B86F}.iOS Debug|Any CPU.ActiveCfg = Debug|Any CPU
		{15D0CE8E-9182-4DF1-BDB8-8E545553B86F}.iOS Debug|Any CPU.Build.0 = Debug|Any CPU
		{15D0CE8E-9182-4DF1-BDB8-8E545553B86F}.iOS Debug|x64.ActiveCfg = Debug|x64
		{15D0CE8E-9182-4DF1-BDB8-8E545553B86F}.iOS Debug|x64.Build.0 = Debug|x64
		{15D0CE8E-9182-4DF1-BDB8-8E545553B86F}.iOS Release|Any CPU.ActiveCfg = Release|Any CPU
		{15D0CE8E-9182-4DF1-BDB8-8E545553B86F}.iOS Release|Any CPU.Build.0 = Release|Any CPU
		{15D0CE8E-9182-4DF1-BDB8-8E545553B86F}.iOS Release|x64.ActiveCfg = Release|x64
		{15D0CE8E-9182-4DF1-BDB8-8E545553B86F}.iOS Release|x64.Build.0 = Release|x64
		{15D0CE8E-9182-4DF1-BDB8-8E545553B86F}.Release|Any CPU.ActiveCfg = Release|Any CPU
		{15D0CE8E-9182-4DF1-BDB8-8E545553B86F}.Release|Any CPU.Build.0 = Release|Any CPU
		{15D0CE8E-9182-4DF1-BDB8-8E545553B86F}.Release|x64.ActiveCfg = Release|x64
		{15D0CE8E-9182-4DF1-BDB8-8E545553B86F}.Release|x64.Build.0 = Release|x64
		{15D0CE8E-9182-4DF1-BDB8-8E545553B86F}.Unity Debug|Any CPU.ActiveCfg = Debug|Any CPU
		{15D0CE8E-9182-4DF1-BDB8-8E545553B86F}.Unity Debug|Any CPU.Build.0 = Debug|Any CPU
		{15D0CE8E-9182-4DF1-BDB8-8E545553B86F}.Unity Debug|x64.ActiveCfg = Debug|x64
		{15D0CE8E-9182-4DF1-BDB8-8E545553B86F}.Unity Debug|x64.Build.0 = Debug|x64
		{15D0CE8E-9182-4DF1-BDB8-8E545553B86F}.Unity iOS Debug|Any CPU.ActiveCfg = Debug|Any CPU
		{15D0CE8E-9182-4DF1-BDB8-8E545553B86F}.Unity iOS Debug|Any CPU.Build.0 = Debug|Any CPU
		{15D0CE8E-9182-4DF1-BDB8-8E545553B86F}.Unity iOS Debug|x64.ActiveCfg = Debug|x64
		{15D0CE8E-9182-4DF1-BDB8-8E545553B86F}.Unity iOS Debug|x64.Build.0 = Debug|x64
		{15D0CE8E-9182-4DF1-BDB8-8E545553B86F}.Unity iOS Release|Any CPU.ActiveCfg = Release|Any CPU
		{15D0CE8E-9182-4DF1-BDB8-8E545553B86F}.Unity iOS Release|Any CPU.Build.0 = Release|Any CPU
		{15D0CE8E-9182-4DF1-BDB8-8E545553B86F}.Unity iOS Release|x64.ActiveCfg = Release|x64
		{15D0CE8E-9182-4DF1-BDB8-8E545553B86F}.Unity iOS Release|x64.Build.0 = Release|x64
		{15D0CE8E-9182-4DF1-BDB8-8E545553B86F}.Unity Release|Any CPU.ActiveCfg = Release|Any CPU
		{15D0CE8E-9182-4DF1-BDB8-8E545553B86F}.Unity Release|Any CPU.Build.0 = Release|Any CPU
		{15D0CE8E-9182-4DF1-BDB8-8E545553B86F}.Unity Release|x64.ActiveCfg = Release|x64
		{15D0CE8E-9182-4DF1-BDB8-8E545553B86F}.Unity Release|x64.Build.0 = Release|x64
		{0D210B1B-1A6F-43D6-94D8-6219DFFEF727}.Debug|Any CPU.ActiveCfg = Debug|Any CPU
		{0D210B1B-1A6F-43D6-94D8-6219DFFEF727}.Debug|Any CPU.Build.0 = Debug|Any CPU
		{0D210B1B-1A6F-43D6-94D8-6219DFFEF727}.Debug|x64.ActiveCfg = Debug|x64
		{0D210B1B-1A6F-43D6-94D8-6219DFFEF727}.Debug|x64.Build.0 = Debug|x64
		{0D210B1B-1A6F-43D6-94D8-6219DFFEF727}.iOS Debug|Any CPU.ActiveCfg = Debug|Any CPU
		{0D210B1B-1A6F-43D6-94D8-6219DFFEF727}.iOS Debug|Any CPU.Build.0 = Debug|Any CPU
		{0D210B1B-1A6F-43D6-94D8-6219DFFEF727}.iOS Debug|x64.ActiveCfg = Debug|x64
		{0D210B1B-1A6F-43D6-94D8-6219DFFEF727}.iOS Debug|x64.Build.0 = Debug|x64
		{0D210B1B-1A6F-43D6-94D8-6219DFFEF727}.iOS Release|Any CPU.ActiveCfg = Release|Any CPU
		{0D210B1B-1A6F-43D6-94D8-6219DFFEF727}.iOS Release|Any CPU.Build.0 = Release|Any CPU
		{0D210B1B-1A6F-43D6-94D8-6219DFFEF727}.iOS Release|x64.ActiveCfg = Release|x64
		{0D210B1B-1A6F-43D6-94D8-6219DFFEF727}.iOS Release|x64.Build.0 = Release|x64
		{0D210B1B-1A6F-43D6-94D8-6219DFFEF727}.Release|Any CPU.ActiveCfg = Release|Any CPU
		{0D210B1B-1A6F-43D6-94D8-6219DFFEF727}.Release|Any CPU.Build.0 = Release|Any CPU
		{0D210B1B-1A6F-43D6-94D8-6219DFFEF727}.Release|x64.ActiveCfg = Release|x64
		{0D210B1B-1A6F-43D6-94D8-6219DFFEF727}.Release|x64.Build.0 = Release|x64
		{0D210B1B-1A6F-43D6-94D8-6219DFFEF727}.Unity Debug|Any CPU.ActiveCfg = Debug|Any CPU
		{0D210B1B-1A6F-43D6-94D8-6219DFFEF727}.Unity Debug|Any CPU.Build.0 = Debug|Any CPU
		{0D210B1B-1A6F-43D6-94D8-6219DFFEF727}.Unity Debug|x64.ActiveCfg = Debug|x64
		{0D210B1B-1A6F-43D6-94D8-6219DFFEF727}.Unity Debug|x64.Build.0 = Debug|x64
		{0D210B1B-1A6F-43D6-94D8-6219DFFEF727}.Unity iOS Debug|Any CPU.ActiveCfg = Debug|Any CPU
		{0D210B1B-1A6F-43D6-94D8-6219DFFEF727}.Unity iOS Debug|Any CPU.Build.0 = Debug|Any CPU
		{0D210B1B-1A6F-43D6-94D8-6219DFFEF727}.Unity iOS Debug|x64.ActiveCfg = Debug|x64
		{0D210B1B-1A6F-43D6-94D8-6219DFFEF727}.Unity iOS Debug|x64.Build.0 = Debug|x64
		{0D210B1B-1A6F-43D6-94D8-6219DFFEF727}.Unity iOS Release|Any CPU.ActiveCfg = Release|Any CPU
		{0D210B1B-1A6F-43D6-94D8-6219DFFEF727}.Unity iOS Release|Any CPU.Build.0 = Release|Any CPU
		{0D210B1B-1A6F-43D6-94D8-6219DFFEF727}.Unity iOS Release|x64.ActiveCfg = Release|x64
		{0D210B1B-1A6F-43D6-94D8-6219DFFEF727}.Unity iOS Release|x64.Build.0 = Release|x64
		{0D210B1B-1A6F-43D6-94D8-6219DFFEF727}.Unity Release|Any CPU.ActiveCfg = Release|Any CPU
		{0D210B1B-1A6F-43D6-94D8-6219DFFEF727}.Unity Release|Any CPU.Build.0 = Release|Any CPU
		{0D210B1B-1A6F-43D6-94D8-6219DFFEF727}.Unity Release|x64.ActiveCfg = Release|x64
		{0D210B1B-1A6F-43D6-94D8-6219DFFEF727}.Unity Release|x64.Build.0 = Release|x64
		{95CBD6C6-34F2-45A8-B74C-A37A1CC5C6AA}.Debug|Any CPU.ActiveCfg = Debug|Any CPU
		{95CBD6C6-34F2-45A8-B74C-A37A1CC5C6AA}.Debug|Any CPU.Build.0 = Debug|Any CPU
		{95CBD6C6-34F2-45A8-B74C-A37A1CC5C6AA}.Debug|x64.ActiveCfg = Debug|Any CPU
		{95CBD6C6-34F2-45A8-B74C-A37A1CC5C6AA}.Debug|x64.Build.0 = Debug|Any CPU
		{95CBD6C6-34F2-45A8-B74C-A37A1CC5C6AA}.iOS Debug|Any CPU.ActiveCfg = Debug|Any CPU
		{95CBD6C6-34F2-45A8-B74C-A37A1CC5C6AA}.iOS Debug|Any CPU.Build.0 = Debug|Any CPU
		{95CBD6C6-34F2-45A8-B74C-A37A1CC5C6AA}.iOS Debug|x64.ActiveCfg = Debug|Any CPU
		{95CBD6C6-34F2-45A8-B74C-A37A1CC5C6AA}.iOS Debug|x64.Build.0 = Debug|Any CPU
		{95CBD6C6-34F2-45A8-B74C-A37A1CC5C6AA}.iOS Release|Any CPU.ActiveCfg = Release|Any CPU
		{95CBD6C6-34F2-45A8-B74C-A37A1CC5C6AA}.iOS Release|Any CPU.Build.0 = Release|Any CPU
		{95CBD6C6-34F2-45A8-B74C-A37A1CC5C6AA}.iOS Release|x64.ActiveCfg = Release|Any CPU
		{95CBD6C6-34F2-45A8-B74C-A37A1CC5C6AA}.iOS Release|x64.Build.0 = Release|Any CPU
		{95CBD6C6-34F2-45A8-B74C-A37A1CC5C6AA}.Release|Any CPU.ActiveCfg = Release|Any CPU
		{95CBD6C6-34F2-45A8-B74C-A37A1CC5C6AA}.Release|Any CPU.Build.0 = Release|Any CPU
		{95CBD6C6-34F2-45A8-B74C-A37A1CC5C6AA}.Release|x64.ActiveCfg = Release|Any CPU
		{95CBD6C6-34F2-45A8-B74C-A37A1CC5C6AA}.Release|x64.Build.0 = Release|Any CPU
		{95CBD6C6-34F2-45A8-B74C-A37A1CC5C6AA}.Unity Debug|Any CPU.ActiveCfg = Debug|Any CPU
		{95CBD6C6-34F2-45A8-B74C-A37A1CC5C6AA}.Unity Debug|Any CPU.Build.0 = Debug|Any CPU
		{95CBD6C6-34F2-45A8-B74C-A37A1CC5C6AA}.Unity Debug|x64.ActiveCfg = Debug|Any CPU
		{95CBD6C6-34F2-45A8-B74C-A37A1CC5C6AA}.Unity Debug|x64.Build.0 = Debug|Any CPU
		{95CBD6C6-34F2-45A8-B74C-A37A1CC5C6AA}.Unity iOS Debug|Any CPU.ActiveCfg = Debug|Any CPU
		{95CBD6C6-34F2-45A8-B74C-A37A1CC5C6AA}.Unity iOS Debug|Any CPU.Build.0 = Debug|Any CPU
		{95CBD6C6-34F2-45A8-B74C-A37A1CC5C6AA}.Unity iOS Debug|x64.ActiveCfg = Debug|Any CPU
		{95CBD6C6-34F2-45A8-B74C-A37A1CC5C6AA}.Unity iOS Debug|x64.Build.0 = Debug|Any CPU
		{95CBD6C6-34F2-45A8-B74C-A37A1CC5C6AA}.Unity iOS Release|Any CPU.ActiveCfg = Release|Any CPU
		{95CBD6C6-34F2-45A8-B74C-A37A1CC5C6AA}.Unity iOS Release|Any CPU.Build.0 = Release|Any CPU
		{95CBD6C6-34F2-45A8-B74C-A37A1CC5C6AA}.Unity iOS Release|x64.ActiveCfg = Release|Any CPU
		{95CBD6C6-34F2-45A8-B74C-A37A1CC5C6AA}.Unity iOS Release|x64.Build.0 = Release|Any CPU
		{95CBD6C6-34F2-45A8-B74C-A37A1CC5C6AA}.Unity Release|Any CPU.ActiveCfg = Release|Any CPU
		{95CBD6C6-34F2-45A8-B74C-A37A1CC5C6AA}.Unity Release|Any CPU.Build.0 = Release|Any CPU
		{95CBD6C6-34F2-45A8-B74C-A37A1CC5C6AA}.Unity Release|x64.ActiveCfg = Release|Any CPU
		{95CBD6C6-34F2-45A8-B74C-A37A1CC5C6AA}.Unity Release|x64.Build.0 = Release|Any CPU
		{078A159E-6132-4962-8FD3-55397D6B27C1}.Debug|Any CPU.ActiveCfg = Debug|Any CPU
		{078A159E-6132-4962-8FD3-55397D6B27C1}.Debug|Any CPU.Build.0 = Debug|Any CPU
		{078A159E-6132-4962-8FD3-55397D6B27C1}.Debug|x64.ActiveCfg = Debug|Any CPU
		{078A159E-6132-4962-8FD3-55397D6B27C1}.Debug|x64.Build.0 = Debug|Any CPU
		{078A159E-6132-4962-8FD3-55397D6B27C1}.iOS Debug|Any CPU.ActiveCfg = Debug|Any CPU
		{078A159E-6132-4962-8FD3-55397D6B27C1}.iOS Debug|Any CPU.Build.0 = Debug|Any CPU
		{078A159E-6132-4962-8FD3-55397D6B27C1}.iOS Debug|x64.ActiveCfg = Debug|Any CPU
		{078A159E-6132-4962-8FD3-55397D6B27C1}.iOS Debug|x64.Build.0 = Debug|Any CPU
		{078A159E-6132-4962-8FD3-55397D6B27C1}.iOS Release|Any CPU.ActiveCfg = Release|Any CPU
		{078A159E-6132-4962-8FD3-55397D6B27C1}.iOS Release|Any CPU.Build.0 = Release|Any CPU
		{078A159E-6132-4962-8FD3-55397D6B27C1}.iOS Release|x64.ActiveCfg = Release|Any CPU
		{078A159E-6132-4962-8FD3-55397D6B27C1}.iOS Release|x64.Build.0 = Release|Any CPU
		{078A159E-6132-4962-8FD3-55397D6B27C1}.Release|Any CPU.ActiveCfg = Release|Any CPU
		{078A159E-6132-4962-8FD3-55397D6B27C1}.Release|Any CPU.Build.0 = Release|Any CPU
		{078A159E-6132-4962-8FD3-55397D6B27C1}.Release|x64.ActiveCfg = Release|Any CPU
		{078A159E-6132-4962-8FD3-55397D6B27C1}.Release|x64.Build.0 = Release|Any CPU
		{078A159E-6132-4962-8FD3-55397D6B27C1}.Unity Debug|Any CPU.ActiveCfg = Debug|Any CPU
		{078A159E-6132-4962-8FD3-55397D6B27C1}.Unity Debug|Any CPU.Build.0 = Debug|Any CPU
		{078A159E-6132-4962-8FD3-55397D6B27C1}.Unity Debug|x64.ActiveCfg = Debug|Any CPU
		{078A159E-6132-4962-8FD3-55397D6B27C1}.Unity Debug|x64.Build.0 = Debug|Any CPU
		{078A159E-6132-4962-8FD3-55397D6B27C1}.Unity iOS Debug|Any CPU.ActiveCfg = Debug|Any CPU
		{078A159E-6132-4962-8FD3-55397D6B27C1}.Unity iOS Debug|Any CPU.Build.0 = Debug|Any CPU
		{078A159E-6132-4962-8FD3-55397D6B27C1}.Unity iOS Debug|x64.ActiveCfg = Debug|Any CPU
		{078A159E-6132-4962-8FD3-55397D6B27C1}.Unity iOS Debug|x64.Build.0 = Debug|Any CPU
		{078A159E-6132-4962-8FD3-55397D6B27C1}.Unity iOS Release|Any CPU.ActiveCfg = Release|Any CPU
		{078A159E-6132-4962-8FD3-55397D6B27C1}.Unity iOS Release|Any CPU.Build.0 = Release|Any CPU
		{078A159E-6132-4962-8FD3-55397D6B27C1}.Unity iOS Release|x64.ActiveCfg = Release|Any CPU
		{078A159E-6132-4962-8FD3-55397D6B27C1}.Unity iOS Release|x64.Build.0 = Release|Any CPU
		{078A159E-6132-4962-8FD3-55397D6B27C1}.Unity Release|Any CPU.ActiveCfg = Release|Any CPU
		{078A159E-6132-4962-8FD3-55397D6B27C1}.Unity Release|Any CPU.Build.0 = Release|Any CPU
		{078A159E-6132-4962-8FD3-55397D6B27C1}.Unity Release|x64.ActiveCfg = Release|Any CPU
		{078A159E-6132-4962-8FD3-55397D6B27C1}.Unity Release|x64.Build.0 = Release|Any CPU
		{9F293A4B-B1C3-4B7B-A663-B286E29E94F3}.Debug|Any CPU.ActiveCfg = Debug|Any CPU
		{9F293A4B-B1C3-4B7B-A663-B286E29E94F3}.Debug|Any CPU.Build.0 = Debug|Any CPU
		{9F293A4B-B1C3-4B7B-A663-B286E29E94F3}.Debug|x64.ActiveCfg = Debug|Any CPU
		{9F293A4B-B1C3-4B7B-A663-B286E29E94F3}.Debug|x64.Build.0 = Debug|Any CPU
		{9F293A4B-B1C3-4B7B-A663-B286E29E94F3}.iOS Debug|Any CPU.ActiveCfg = Debug|Any CPU
		{9F293A4B-B1C3-4B7B-A663-B286E29E94F3}.iOS Debug|Any CPU.Build.0 = Debug|Any CPU
		{9F293A4B-B1C3-4B7B-A663-B286E29E94F3}.iOS Debug|x64.ActiveCfg = Debug|Any CPU
		{9F293A4B-B1C3-4B7B-A663-B286E29E94F3}.iOS Debug|x64.Build.0 = Debug|Any CPU
		{9F293A4B-B1C3-4B7B-A663-B286E29E94F3}.iOS Release|Any CPU.ActiveCfg = Release|Any CPU
		{9F293A4B-B1C3-4B7B-A663-B286E29E94F3}.iOS Release|Any CPU.Build.0 = Release|Any CPU
		{9F293A4B-B1C3-4B7B-A663-B286E29E94F3}.iOS Release|x64.ActiveCfg = Release|Any CPU
		{9F293A4B-B1C3-4B7B-A663-B286E29E94F3}.iOS Release|x64.Build.0 = Release|Any CPU
		{9F293A4B-B1C3-4B7B-A663-B286E29E94F3}.Release|Any CPU.ActiveCfg = Release|Any CPU
		{9F293A4B-B1C3-4B7B-A663-B286E29E94F3}.Release|Any CPU.Build.0 = Release|Any CPU
		{9F293A4B-B1C3-4B7B-A663-B286E29E94F3}.Release|x64.ActiveCfg = Release|Any CPU
		{9F293A4B-B1C3-4B7B-A663-B286E29E94F3}.Release|x64.Build.0 = Release|Any CPU
		{9F293A4B-B1C3-4B7B-A663-B286E29E94F3}.Unity Debug|Any CPU.ActiveCfg = Debug|Any CPU
		{9F293A4B-B1C3-4B7B-A663-B286E29E94F3}.Unity Debug|Any CPU.Build.0 = Debug|Any CPU
		{9F293A4B-B1C3-4B7B-A663-B286E29E94F3}.Unity Debug|x64.ActiveCfg = Debug|Any CPU
		{9F293A4B-B1C3-4B7B-A663-B286E29E94F3}.Unity Debug|x64.Build.0 = Debug|Any CPU
		{9F293A4B-B1C3-4B7B-A663-B286E29E94F3}.Unity iOS Debug|Any CPU.ActiveCfg = Debug|Any CPU
		{9F293A4B-B1C3-4B7B-A663-B286E29E94F3}.Unity iOS Debug|Any CPU.Build.0 = Debug|Any CPU
		{9F293A4B-B1C3-4B7B-A663-B286E29E94F3}.Unity iOS Debug|x64.ActiveCfg = Debug|Any CPU
		{9F293A4B-B1C3-4B7B-A663-B286E29E94F3}.Unity iOS Debug|x64.Build.0 = Debug|Any CPU
		{9F293A4B-B1C3-4B7B-A663-B286E29E94F3}.Unity iOS Release|Any CPU.ActiveCfg = Release|Any CPU
		{9F293A4B-B1C3-4B7B-A663-B286E29E94F3}.Unity iOS Release|Any CPU.Build.0 = Release|Any CPU
		{9F293A4B-B1C3-4B7B-A663-B286E29E94F3}.Unity iOS Release|x64.ActiveCfg = Release|Any CPU
		{9F293A4B-B1C3-4B7B-A663-B286E29E94F3}.Unity iOS Release|x64.Build.0 = Release|Any CPU
		{9F293A4B-B1C3-4B7B-A663-B286E29E94F3}.Unity Release|Any CPU.ActiveCfg = Release|Any CPU
		{9F293A4B-B1C3-4B7B-A663-B286E29E94F3}.Unity Release|Any CPU.Build.0 = Release|Any CPU
		{9F293A4B-B1C3-4B7B-A663-B286E29E94F3}.Unity Release|x64.ActiveCfg = Release|Any CPU
		{9F293A4B-B1C3-4B7B-A663-B286E29E94F3}.Unity Release|x64.Build.0 = Release|Any CPU
		{D3003D50-EB72-4196-B9D7-46F73A8AD005}.Debug|Any CPU.ActiveCfg = Debug|Any CPU
		{D3003D50-EB72-4196-B9D7-46F73A8AD005}.Debug|Any CPU.Build.0 = Debug|Any CPU
		{D3003D50-EB72-4196-B9D7-46F73A8AD005}.Debug|x64.ActiveCfg = Debug|Any CPU
		{D3003D50-EB72-4196-B9D7-46F73A8AD005}.Debug|x64.Build.0 = Debug|Any CPU
		{D3003D50-EB72-4196-B9D7-46F73A8AD005}.iOS Debug|Any CPU.ActiveCfg = Debug|Any CPU
		{D3003D50-EB72-4196-B9D7-46F73A8AD005}.iOS Debug|Any CPU.Build.0 = Debug|Any CPU
		{D3003D50-EB72-4196-B9D7-46F73A8AD005}.iOS Debug|x64.ActiveCfg = Debug|Any CPU
		{D3003D50-EB72-4196-B9D7-46F73A8AD005}.iOS Debug|x64.Build.0 = Debug|Any CPU
		{D3003D50-EB72-4196-B9D7-46F73A8AD005}.iOS Release|Any CPU.ActiveCfg = Release|Any CPU
		{D3003D50-EB72-4196-B9D7-46F73A8AD005}.iOS Release|Any CPU.Build.0 = Release|Any CPU
		{D3003D50-EB72-4196-B9D7-46F73A8AD005}.iOS Release|x64.ActiveCfg = Release|Any CPU
		{D3003D50-EB72-4196-B9D7-46F73A8AD005}.iOS Release|x64.Build.0 = Release|Any CPU
		{D3003D50-EB72-4196-B9D7-46F73A8AD005}.Release|Any CPU.ActiveCfg = Release|Any CPU
		{D3003D50-EB72-4196-B9D7-46F73A8AD005}.Release|Any CPU.Build.0 = Release|Any CPU
		{D3003D50-EB72-4196-B9D7-46F73A8AD005}.Release|x64.ActiveCfg = Release|Any CPU
		{D3003D50-EB72-4196-B9D7-46F73A8AD005}.Release|x64.Build.0 = Release|Any CPU
		{D3003D50-EB72-4196-B9D7-46F73A8AD005}.Unity Debug|Any CPU.ActiveCfg = Debug|Any CPU
		{D3003D50-EB72-4196-B9D7-46F73A8AD005}.Unity Debug|Any CPU.Build.0 = Debug|Any CPU
		{D3003D50-EB72-4196-B9D7-46F73A8AD005}.Unity Debug|x64.ActiveCfg = Debug|Any CPU
		{D3003D50-EB72-4196-B9D7-46F73A8AD005}.Unity Debug|x64.Build.0 = Debug|Any CPU
		{D3003D50-EB72-4196-B9D7-46F73A8AD005}.Unity iOS Debug|Any CPU.ActiveCfg = Debug|Any CPU
		{D3003D50-EB72-4196-B9D7-46F73A8AD005}.Unity iOS Debug|Any CPU.Build.0 = Debug|Any CPU
		{D3003D50-EB72-4196-B9D7-46F73A8AD005}.Unity iOS Debug|x64.ActiveCfg = Debug|Any CPU
		{D3003D50-EB72-4196-B9D7-46F73A8AD005}.Unity iOS Debug|x64.Build.0 = Debug|Any CPU
		{D3003D50-EB72-4196-B9D7-46F73A8AD005}.Unity iOS Release|Any CPU.ActiveCfg = Release|Any CPU
		{D3003D50-EB72-4196-B9D7-46F73A8AD005}.Unity iOS Release|Any CPU.Build.0 = Release|Any CPU
		{D3003D50-EB72-4196-B9D7-46F73A8AD005}.Unity iOS Release|x64.ActiveCfg = Release|Any CPU
		{D3003D50-EB72-4196-B9D7-46F73A8AD005}.Unity iOS Release|x64.Build.0 = Release|Any CPU
		{D3003D50-EB72-4196-B9D7-46F73A8AD005}.Unity Release|Any CPU.ActiveCfg = Release|Any CPU
		{D3003D50-EB72-4196-B9D7-46F73A8AD005}.Unity Release|Any CPU.Build.0 = Release|Any CPU
		{D3003D50-EB72-4196-B9D7-46F73A8AD005}.Unity Release|x64.ActiveCfg = Release|Any CPU
		{D3003D50-EB72-4196-B9D7-46F73A8AD005}.Unity Release|x64.Build.0 = Release|Any CPU
		{15AA59C8-453B-4815-B462-74795E359798}.Debug|Any CPU.ActiveCfg = Debug|Any CPU
		{15AA59C8-453B-4815-B462-74795E359798}.Debug|Any CPU.Build.0 = Debug|Any CPU
		{15AA59C8-453B-4815-B462-74795E359798}.Debug|x64.ActiveCfg = Debug|Any CPU
		{15AA59C8-453B-4815-B462-74795E359798}.Debug|x64.Build.0 = Debug|Any CPU
		{15AA59C8-453B-4815-B462-74795E359798}.iOS Debug|Any CPU.ActiveCfg = Debug|Any CPU
		{15AA59C8-453B-4815-B462-74795E359798}.iOS Debug|Any CPU.Build.0 = Debug|Any CPU
		{15AA59C8-453B-4815-B462-74795E359798}.iOS Debug|x64.ActiveCfg = Debug|Any CPU
		{15AA59C8-453B-4815-B462-74795E359798}.iOS Debug|x64.Build.0 = Debug|Any CPU
		{15AA59C8-453B-4815-B462-74795E359798}.iOS Release|Any CPU.ActiveCfg = Release|Any CPU
		{15AA59C8-453B-4815-B462-74795E359798}.iOS Release|Any CPU.Build.0 = Release|Any CPU
		{15AA59C8-453B-4815-B462-74795E359798}.iOS Release|x64.ActiveCfg = Release|Any CPU
		{15AA59C8-453B-4815-B462-74795E359798}.iOS Release|x64.Build.0 = Release|Any CPU
		{15AA59C8-453B-4815-B462-74795E359798}.Release|Any CPU.ActiveCfg = Release|Any CPU
		{15AA59C8-453B-4815-B462-74795E359798}.Release|Any CPU.Build.0 = Release|Any CPU
		{15AA59C8-453B-4815-B462-74795E359798}.Release|x64.ActiveCfg = Release|Any CPU
		{15AA59C8-453B-4815-B462-74795E359798}.Release|x64.Build.0 = Release|Any CPU
		{15AA59C8-453B-4815-B462-74795E359798}.Unity Debug|Any CPU.ActiveCfg = Debug|Any CPU
		{15AA59C8-453B-4815-B462-74795E359798}.Unity Debug|Any CPU.Build.0 = Debug|Any CPU
		{15AA59C8-453B-4815-B462-74795E359798}.Unity Debug|x64.ActiveCfg = Debug|Any CPU
		{15AA59C8-453B-4815-B462-74795E359798}.Unity Debug|x64.Build.0 = Debug|Any CPU
		{15AA59C8-453B-4815-B462-74795E359798}.Unity iOS Debug|Any CPU.ActiveCfg = Debug|Any CPU
		{15AA59C8-453B-4815-B462-74795E359798}.Unity iOS Debug|Any CPU.Build.0 = Debug|Any CPU
		{15AA59C8-453B-4815-B462-74795E359798}.Unity iOS Debug|x64.ActiveCfg = Debug|Any CPU
		{15AA59C8-453B-4815-B462-74795E359798}.Unity iOS Debug|x64.Build.0 = Debug|Any CPU
		{15AA59C8-453B-4815-B462-74795E359798}.Unity iOS Release|Any CPU.ActiveCfg = Release|Any CPU
		{15AA59C8-453B-4815-B462-74795E359798}.Unity iOS Release|Any CPU.Build.0 = Release|Any CPU
		{15AA59C8-453B-4815-B462-74795E359798}.Unity iOS Release|x64.ActiveCfg = Release|Any CPU
		{15AA59C8-453B-4815-B462-74795E359798}.Unity iOS Release|x64.Build.0 = Release|Any CPU
		{15AA59C8-453B-4815-B462-74795E359798}.Unity Release|Any CPU.ActiveCfg = Release|Any CPU
		{15AA59C8-453B-4815-B462-74795E359798}.Unity Release|Any CPU.Build.0 = Release|Any CPU
		{15AA59C8-453B-4815-B462-74795E359798}.Unity Release|x64.ActiveCfg = Release|Any CPU
		{15AA59C8-453B-4815-B462-74795E359798}.Unity Release|x64.Build.0 = Release|Any CPU
		{B5D9BEF2-8F65-4F60-B980-54292EA0F82A}.Debug|Any CPU.ActiveCfg = Debug|Any CPU
		{B5D9BEF2-8F65-4F60-B980-54292EA0F82A}.Debug|Any CPU.Build.0 = Debug|Any CPU
		{B5D9BEF2-8F65-4F60-B980-54292EA0F82A}.Debug|x64.ActiveCfg = Debug|Any CPU
		{B5D9BEF2-8F65-4F60-B980-54292EA0F82A}.Debug|x64.Build.0 = Debug|Any CPU
		{B5D9BEF2-8F65-4F60-B980-54292EA0F82A}.iOS Debug|Any CPU.ActiveCfg = Debug|Any CPU
		{B5D9BEF2-8F65-4F60-B980-54292EA0F82A}.iOS Debug|Any CPU.Build.0 = Debug|Any CPU
		{B5D9BEF2-8F65-4F60-B980-54292EA0F82A}.iOS Debug|x64.ActiveCfg = Debug|Any CPU
		{B5D9BEF2-8F65-4F60-B980-54292EA0F82A}.iOS Debug|x64.Build.0 = Debug|Any CPU
		{B5D9BEF2-8F65-4F60-B980-54292EA0F82A}.iOS Release|Any CPU.ActiveCfg = Release|Any CPU
		{B5D9BEF2-8F65-4F60-B980-54292EA0F82A}.iOS Release|Any CPU.Build.0 = Release|Any CPU
		{B5D9BEF2-8F65-4F60-B980-54292EA0F82A}.iOS Release|x64.ActiveCfg = Release|Any CPU
		{B5D9BEF2-8F65-4F60-B980-54292EA0F82A}.iOS Release|x64.Build.0 = Release|Any CPU
		{B5D9BEF2-8F65-4F60-B980-54292EA0F82A}.Release|Any CPU.ActiveCfg = Release|Any CPU
		{B5D9BEF2-8F65-4F60-B980-54292EA0F82A}.Release|Any CPU.Build.0 = Release|Any CPU
		{B5D9BEF2-8F65-4F60-B980-54292EA0F82A}.Release|x64.ActiveCfg = Release|Any CPU
		{B5D9BEF2-8F65-4F60-B980-54292EA0F82A}.Release|x64.Build.0 = Release|Any CPU
		{B5D9BEF2-8F65-4F60-B980-54292EA0F82A}.Unity Debug|Any CPU.ActiveCfg = Debug|Any CPU
		{B5D9BEF2-8F65-4F60-B980-54292EA0F82A}.Unity Debug|Any CPU.Build.0 = Debug|Any CPU
		{B5D9BEF2-8F65-4F60-B980-54292EA0F82A}.Unity Debug|x64.ActiveCfg = Debug|Any CPU
		{B5D9BEF2-8F65-4F60-B980-54292EA0F82A}.Unity Debug|x64.Build.0 = Debug|Any CPU
		{B5D9BEF2-8F65-4F60-B980-54292EA0F82A}.Unity iOS Debug|Any CPU.ActiveCfg = Debug|Any CPU
		{B5D9BEF2-8F65-4F60-B980-54292EA0F82A}.Unity iOS Debug|Any CPU.Build.0 = Debug|Any CPU
		{B5D9BEF2-8F65-4F60-B980-54292EA0F82A}.Unity iOS Debug|x64.ActiveCfg = Debug|Any CPU
		{B5D9BEF2-8F65-4F60-B980-54292EA0F82A}.Unity iOS Debug|x64.Build.0 = Debug|Any CPU
		{B5D9BEF2-8F65-4F60-B980-54292EA0F82A}.Unity iOS Release|Any CPU.ActiveCfg = Release|Any CPU
		{B5D9BEF2-8F65-4F60-B980-54292EA0F82A}.Unity iOS Release|Any CPU.Build.0 = Release|Any CPU
		{B5D9BEF2-8F65-4F60-B980-54292EA0F82A}.Unity iOS Release|x64.ActiveCfg = Release|Any CPU
		{B5D9BEF2-8F65-4F60-B980-54292EA0F82A}.Unity iOS Release|x64.Build.0 = Release|Any CPU
		{B5D9BEF2-8F65-4F60-B980-54292EA0F82A}.Unity Release|Any CPU.ActiveCfg = Release|Any CPU
		{B5D9BEF2-8F65-4F60-B980-54292EA0F82A}.Unity Release|Any CPU.Build.0 = Release|Any CPU
		{B5D9BEF2-8F65-4F60-B980-54292EA0F82A}.Unity Release|x64.ActiveCfg = Release|Any CPU
		{B5D9BEF2-8F65-4F60-B980-54292EA0F82A}.Unity Release|x64.Build.0 = Release|Any CPU
		{DBCE0189-E225-4DB8-8803-9BE823614A8B}.Debug|Any CPU.ActiveCfg = Debug|Any CPU
		{DBCE0189-E225-4DB8-8803-9BE823614A8B}.Debug|Any CPU.Build.0 = Debug|Any CPU
		{DBCE0189-E225-4DB8-8803-9BE823614A8B}.Debug|x64.ActiveCfg = Debug|Any CPU
		{DBCE0189-E225-4DB8-8803-9BE823614A8B}.Debug|x64.Build.0 = Debug|Any CPU
		{DBCE0189-E225-4DB8-8803-9BE823614A8B}.iOS Debug|Any CPU.ActiveCfg = Debug|Any CPU
		{DBCE0189-E225-4DB8-8803-9BE823614A8B}.iOS Debug|Any CPU.Build.0 = Debug|Any CPU
		{DBCE0189-E225-4DB8-8803-9BE823614A8B}.iOS Debug|x64.ActiveCfg = Debug|Any CPU
		{DBCE0189-E225-4DB8-8803-9BE823614A8B}.iOS Debug|x64.Build.0 = Debug|Any CPU
		{DBCE0189-E225-4DB8-8803-9BE823614A8B}.iOS Release|Any CPU.ActiveCfg = Release|Any CPU
		{DBCE0189-E225-4DB8-8803-9BE823614A8B}.iOS Release|Any CPU.Build.0 = Release|Any CPU
		{DBCE0189-E225-4DB8-8803-9BE823614A8B}.iOS Release|x64.ActiveCfg = Release|Any CPU
		{DBCE0189-E225-4DB8-8803-9BE823614A8B}.iOS Release|x64.Build.0 = Release|Any CPU
		{DBCE0189-E225-4DB8-8803-9BE823614A8B}.Release|Any CPU.ActiveCfg = Release|Any CPU
		{DBCE0189-E225-4DB8-8803-9BE823614A8B}.Release|Any CPU.Build.0 = Release|Any CPU
		{DBCE0189-E225-4DB8-8803-9BE823614A8B}.Release|x64.ActiveCfg = Release|Any CPU
		{DBCE0189-E225-4DB8-8803-9BE823614A8B}.Release|x64.Build.0 = Release|Any CPU
		{DBCE0189-E225-4DB8-8803-9BE823614A8B}.Unity Debug|Any CPU.ActiveCfg = Debug|Any CPU
		{DBCE0189-E225-4DB8-8803-9BE823614A8B}.Unity Debug|Any CPU.Build.0 = Debug|Any CPU
		{DBCE0189-E225-4DB8-8803-9BE823614A8B}.Unity Debug|x64.ActiveCfg = Debug|Any CPU
		{DBCE0189-E225-4DB8-8803-9BE823614A8B}.Unity Debug|x64.Build.0 = Debug|Any CPU
		{DBCE0189-E225-4DB8-8803-9BE823614A8B}.Unity iOS Debug|Any CPU.ActiveCfg = Debug|Any CPU
		{DBCE0189-E225-4DB8-8803-9BE823614A8B}.Unity iOS Debug|Any CPU.Build.0 = Debug|Any CPU
		{DBCE0189-E225-4DB8-8803-9BE823614A8B}.Unity iOS Debug|x64.ActiveCfg = Debug|Any CPU
		{DBCE0189-E225-4DB8-8803-9BE823614A8B}.Unity iOS Debug|x64.Build.0 = Debug|Any CPU
		{DBCE0189-E225-4DB8-8803-9BE823614A8B}.Unity iOS Release|Any CPU.ActiveCfg = Release|Any CPU
		{DBCE0189-E225-4DB8-8803-9BE823614A8B}.Unity iOS Release|Any CPU.Build.0 = Release|Any CPU
		{DBCE0189-E225-4DB8-8803-9BE823614A8B}.Unity iOS Release|x64.ActiveCfg = Release|Any CPU
		{DBCE0189-E225-4DB8-8803-9BE823614A8B}.Unity iOS Release|x64.Build.0 = Release|Any CPU
		{DBCE0189-E225-4DB8-8803-9BE823614A8B}.Unity Release|Any CPU.ActiveCfg = Release|Any CPU
		{DBCE0189-E225-4DB8-8803-9BE823614A8B}.Unity Release|Any CPU.Build.0 = Release|Any CPU
		{DBCE0189-E225-4DB8-8803-9BE823614A8B}.Unity Release|x64.ActiveCfg = Release|Any CPU
		{DBCE0189-E225-4DB8-8803-9BE823614A8B}.Unity Release|x64.Build.0 = Release|Any CPU
		{FCA0203C-D7E6-4370-9703-0B28E4A55B7D}.Debug|Any CPU.ActiveCfg = Debug|Any CPU
		{FCA0203C-D7E6-4370-9703-0B28E4A55B7D}.Debug|Any CPU.Build.0 = Debug|Any CPU
		{FCA0203C-D7E6-4370-9703-0B28E4A55B7D}.Debug|x64.ActiveCfg = Debug|Any CPU
		{FCA0203C-D7E6-4370-9703-0B28E4A55B7D}.Debug|x64.Build.0 = Debug|Any CPU
		{FCA0203C-D7E6-4370-9703-0B28E4A55B7D}.iOS Debug|Any CPU.ActiveCfg = Debug|Any CPU
		{FCA0203C-D7E6-4370-9703-0B28E4A55B7D}.iOS Debug|Any CPU.Build.0 = Debug|Any CPU
		{FCA0203C-D7E6-4370-9703-0B28E4A55B7D}.iOS Debug|x64.ActiveCfg = Debug|Any CPU
		{FCA0203C-D7E6-4370-9703-0B28E4A55B7D}.iOS Debug|x64.Build.0 = Debug|Any CPU
		{FCA0203C-D7E6-4370-9703-0B28E4A55B7D}.iOS Release|Any CPU.ActiveCfg = Release|Any CPU
		{FCA0203C-D7E6-4370-9703-0B28E4A55B7D}.iOS Release|Any CPU.Build.0 = Release|Any CPU
		{FCA0203C-D7E6-4370-9703-0B28E4A55B7D}.iOS Release|x64.ActiveCfg = Release|Any CPU
		{FCA0203C-D7E6-4370-9703-0B28E4A55B7D}.iOS Release|x64.Build.0 = Release|Any CPU
		{FCA0203C-D7E6-4370-9703-0B28E4A55B7D}.Release|Any CPU.ActiveCfg = Release|Any CPU
		{FCA0203C-D7E6-4370-9703-0B28E4A55B7D}.Release|Any CPU.Build.0 = Release|Any CPU
		{FCA0203C-D7E6-4370-9703-0B28E4A55B7D}.Release|x64.ActiveCfg = Release|Any CPU
		{FCA0203C-D7E6-4370-9703-0B28E4A55B7D}.Release|x64.Build.0 = Release|Any CPU
		{FCA0203C-D7E6-4370-9703-0B28E4A55B7D}.Unity Debug|Any CPU.ActiveCfg = Debug|Any CPU
		{FCA0203C-D7E6-4370-9703-0B28E4A55B7D}.Unity Debug|Any CPU.Build.0 = Debug|Any CPU
		{FCA0203C-D7E6-4370-9703-0B28E4A55B7D}.Unity Debug|x64.ActiveCfg = Debug|Any CPU
		{FCA0203C-D7E6-4370-9703-0B28E4A55B7D}.Unity Debug|x64.Build.0 = Debug|Any CPU
		{FCA0203C-D7E6-4370-9703-0B28E4A55B7D}.Unity iOS Debug|Any CPU.ActiveCfg = Debug|Any CPU
		{FCA0203C-D7E6-4370-9703-0B28E4A55B7D}.Unity iOS Debug|Any CPU.Build.0 = Debug|Any CPU
		{FCA0203C-D7E6-4370-9703-0B28E4A55B7D}.Unity iOS Debug|x64.ActiveCfg = Debug|Any CPU
		{FCA0203C-D7E6-4370-9703-0B28E4A55B7D}.Unity iOS Debug|x64.Build.0 = Debug|Any CPU
		{FCA0203C-D7E6-4370-9703-0B28E4A55B7D}.Unity iOS Release|Any CPU.ActiveCfg = Release|Any CPU
		{FCA0203C-D7E6-4370-9703-0B28E4A55B7D}.Unity iOS Release|Any CPU.Build.0 = Release|Any CPU
		{FCA0203C-D7E6-4370-9703-0B28E4A55B7D}.Unity iOS Release|x64.ActiveCfg = Release|Any CPU
		{FCA0203C-D7E6-4370-9703-0B28E4A55B7D}.Unity iOS Release|x64.Build.0 = Release|Any CPU
		{FCA0203C-D7E6-4370-9703-0B28E4A55B7D}.Unity Release|Any CPU.ActiveCfg = Release|Any CPU
		{FCA0203C-D7E6-4370-9703-0B28E4A55B7D}.Unity Release|Any CPU.Build.0 = Release|Any CPU
		{FCA0203C-D7E6-4370-9703-0B28E4A55B7D}.Unity Release|x64.ActiveCfg = Release|Any CPU
		{FCA0203C-D7E6-4370-9703-0B28E4A55B7D}.Unity Release|x64.Build.0 = Release|Any CPU
		{845D092F-65BB-43DE-B511-67EFE21F15C6}.Debug|Any CPU.ActiveCfg = Debug|Any CPU
		{845D092F-65BB-43DE-B511-67EFE21F15C6}.Debug|Any CPU.Build.0 = Debug|Any CPU
		{845D092F-65BB-43DE-B511-67EFE21F15C6}.Debug|x64.ActiveCfg = Debug|Any CPU
		{845D092F-65BB-43DE-B511-67EFE21F15C6}.Debug|x64.Build.0 = Debug|Any CPU
		{845D092F-65BB-43DE-B511-67EFE21F15C6}.iOS Debug|Any CPU.ActiveCfg = Debug|Any CPU
		{845D092F-65BB-43DE-B511-67EFE21F15C6}.iOS Debug|Any CPU.Build.0 = Debug|Any CPU
		{845D092F-65BB-43DE-B511-67EFE21F15C6}.iOS Debug|x64.ActiveCfg = Debug|Any CPU
		{845D092F-65BB-43DE-B511-67EFE21F15C6}.iOS Debug|x64.Build.0 = Debug|Any CPU
		{845D092F-65BB-43DE-B511-67EFE21F15C6}.iOS Release|Any CPU.ActiveCfg = Release|Any CPU
		{845D092F-65BB-43DE-B511-67EFE21F15C6}.iOS Release|Any CPU.Build.0 = Release|Any CPU
		{845D092F-65BB-43DE-B511-67EFE21F15C6}.iOS Release|x64.ActiveCfg = Release|Any CPU
		{845D092F-65BB-43DE-B511-67EFE21F15C6}.iOS Release|x64.Build.0 = Release|Any CPU
		{845D092F-65BB-43DE-B511-67EFE21F15C6}.Release|Any CPU.ActiveCfg = Release|Any CPU
		{845D092F-65BB-43DE-B511-67EFE21F15C6}.Release|Any CPU.Build.0 = Release|Any CPU
		{845D092F-65BB-43DE-B511-67EFE21F15C6}.Release|x64.ActiveCfg = Release|Any CPU
		{845D092F-65BB-43DE-B511-67EFE21F15C6}.Release|x64.Build.0 = Release|Any CPU
		{845D092F-65BB-43DE-B511-67EFE21F15C6}.Unity Debug|Any CPU.ActiveCfg = Debug|Any CPU
		{845D092F-65BB-43DE-B511-67EFE21F15C6}.Unity Debug|Any CPU.Build.0 = Debug|Any CPU
		{845D092F-65BB-43DE-B511-67EFE21F15C6}.Unity Debug|x64.ActiveCfg = Debug|Any CPU
		{845D092F-65BB-43DE-B511-67EFE21F15C6}.Unity Debug|x64.Build.0 = Debug|Any CPU
		{845D092F-65BB-43DE-B511-67EFE21F15C6}.Unity iOS Debug|Any CPU.ActiveCfg = Debug|Any CPU
		{845D092F-65BB-43DE-B511-67EFE21F15C6}.Unity iOS Debug|Any CPU.Build.0 = Debug|Any CPU
		{845D092F-65BB-43DE-B511-67EFE21F15C6}.Unity iOS Debug|x64.ActiveCfg = Debug|Any CPU
		{845D092F-65BB-43DE-B511-67EFE21F15C6}.Unity iOS Debug|x64.Build.0 = Debug|Any CPU
		{845D092F-65BB-43DE-B511-67EFE21F15C6}.Unity iOS Release|Any CPU.ActiveCfg = Release|Any CPU
		{845D092F-65BB-43DE-B511-67EFE21F15C6}.Unity iOS Release|Any CPU.Build.0 = Release|Any CPU
		{845D092F-65BB-43DE-B511-67EFE21F15C6}.Unity iOS Release|x64.ActiveCfg = Release|Any CPU
		{845D092F-65BB-43DE-B511-67EFE21F15C6}.Unity iOS Release|x64.Build.0 = Release|Any CPU
		{845D092F-65BB-43DE-B511-67EFE21F15C6}.Unity Release|Any CPU.ActiveCfg = Release|Any CPU
		{845D092F-65BB-43DE-B511-67EFE21F15C6}.Unity Release|Any CPU.Build.0 = Release|Any CPU
		{845D092F-65BB-43DE-B511-67EFE21F15C6}.Unity Release|x64.ActiveCfg = Release|Any CPU
		{845D092F-65BB-43DE-B511-67EFE21F15C6}.Unity Release|x64.Build.0 = Release|Any CPU
		{A6340870-8530-493A-B597-E6633EEBCADB}.Debug|Any CPU.ActiveCfg = Debug|Any CPU
		{A6340870-8530-493A-B597-E6633EEBCADB}.Debug|Any CPU.Build.0 = Debug|Any CPU
		{A6340870-8530-493A-B597-E6633EEBCADB}.Debug|x64.ActiveCfg = Debug|Any CPU
		{A6340870-8530-493A-B597-E6633EEBCADB}.Debug|x64.Build.0 = Debug|Any CPU
		{A6340870-8530-493A-B597-E6633EEBCADB}.iOS Debug|Any CPU.ActiveCfg = Debug|Any CPU
		{A6340870-8530-493A-B597-E6633EEBCADB}.iOS Debug|Any CPU.Build.0 = Debug|Any CPU
		{A6340870-8530-493A-B597-E6633EEBCADB}.iOS Debug|x64.ActiveCfg = Debug|Any CPU
		{A6340870-8530-493A-B597-E6633EEBCADB}.iOS Debug|x64.Build.0 = Debug|Any CPU
		{A6340870-8530-493A-B597-E6633EEBCADB}.iOS Release|Any CPU.ActiveCfg = Release|Any CPU
		{A6340870-8530-493A-B597-E6633EEBCADB}.iOS Release|Any CPU.Build.0 = Release|Any CPU
		{A6340870-8530-493A-B597-E6633EEBCADB}.iOS Release|x64.ActiveCfg = Release|Any CPU
		{A6340870-8530-493A-B597-E6633EEBCADB}.iOS Release|x64.Build.0 = Release|Any CPU
		{A6340870-8530-493A-B597-E6633EEBCADB}.Release|Any CPU.ActiveCfg = Release|Any CPU
		{A6340870-8530-493A-B597-E6633EEBCADB}.Release|Any CPU.Build.0 = Release|Any CPU
		{A6340870-8530-493A-B597-E6633EEBCADB}.Release|x64.ActiveCfg = Release|Any CPU
		{A6340870-8530-493A-B597-E6633EEBCADB}.Release|x64.Build.0 = Release|Any CPU
		{A6340870-8530-493A-B597-E6633EEBCADB}.Unity Debug|Any CPU.ActiveCfg = Debug|Any CPU
		{A6340870-8530-493A-B597-E6633EEBCADB}.Unity Debug|Any CPU.Build.0 = Debug|Any CPU
		{A6340870-8530-493A-B597-E6633EEBCADB}.Unity Debug|x64.ActiveCfg = Debug|Any CPU
		{A6340870-8530-493A-B597-E6633EEBCADB}.Unity Debug|x64.Build.0 = Debug|Any CPU
		{A6340870-8530-493A-B597-E6633EEBCADB}.Unity iOS Debug|Any CPU.ActiveCfg = Debug|Any CPU
		{A6340870-8530-493A-B597-E6633EEBCADB}.Unity iOS Debug|Any CPU.Build.0 = Debug|Any CPU
		{A6340870-8530-493A-B597-E6633EEBCADB}.Unity iOS Debug|x64.ActiveCfg = Debug|Any CPU
		{A6340870-8530-493A-B597-E6633EEBCADB}.Unity iOS Debug|x64.Build.0 = Debug|Any CPU
		{A6340870-8530-493A-B597-E6633EEBCADB}.Unity iOS Release|Any CPU.ActiveCfg = Release|Any CPU
		{A6340870-8530-493A-B597-E6633EEBCADB}.Unity iOS Release|Any CPU.Build.0 = Release|Any CPU
		{A6340870-8530-493A-B597-E6633EEBCADB}.Unity iOS Release|x64.ActiveCfg = Release|Any CPU
		{A6340870-8530-493A-B597-E6633EEBCADB}.Unity iOS Release|x64.Build.0 = Release|Any CPU
		{A6340870-8530-493A-B597-E6633EEBCADB}.Unity Release|Any CPU.ActiveCfg = Release|Any CPU
		{A6340870-8530-493A-B597-E6633EEBCADB}.Unity Release|Any CPU.Build.0 = Release|Any CPU
		{A6340870-8530-493A-B597-E6633EEBCADB}.Unity Release|x64.ActiveCfg = Release|Any CPU
		{A6340870-8530-493A-B597-E6633EEBCADB}.Unity Release|x64.Build.0 = Release|Any CPU
	EndGlobalSection
	GlobalSection(SolutionProperties) = preSolution
		HideSolutionNode = FALSE
	EndGlobalSection
	GlobalSection(NestedProjects) = preSolution
		{839098BF-BB3F-4158-8080-F3DBBF396BE7} = {07E5D0D9-0E0B-4764-ABCD-610A09A91EFB}
		{B5625C58-3ECD-4298-9833-2A2ADA83896C} = {839098BF-BB3F-4158-8080-F3DBBF396BE7}
		{A48EA94D-FD34-4157-B750-4C10363E65FB} = {839098BF-BB3F-4158-8080-F3DBBF396BE7}
		{AC29B352-24D6-41BC-B1B0-79C85222F352} = {07E5D0D9-0E0B-4764-ABCD-610A09A91EFB}
		{3A8D7C3F-2498-4EA8-A642-FE6823DE92D9} = {07E5D0D9-0E0B-4764-ABCD-610A09A91EFB}
		{96B57473-1255-4BC1-89C3-1F1F8E1DAF25} = {07E5D0D9-0E0B-4764-ABCD-610A09A91EFB}
		{F6B31E56-C6F0-4104-AFAA-6F578A1133C4} = {07E5D0D9-0E0B-4764-ABCD-610A09A91EFB}
		{C31BFBEB-1AE1-40CF-BDE2-0473A45CC5AC} = {839098BF-BB3F-4158-8080-F3DBBF396BE7}
		{47D1EC6E-41D5-4691-9A68-47721664930A} = {839098BF-BB3F-4158-8080-F3DBBF396BE7}
		{2A9464CD-7DBC-422F-A142-56C731B6D5A5} = {839098BF-BB3F-4158-8080-F3DBBF396BE7}
		{15D0CE8E-9182-4DF1-BDB8-8E545553B86F} = {839098BF-BB3F-4158-8080-F3DBBF396BE7}
		{0D210B1B-1A6F-43D6-94D8-6219DFFEF727} = {839098BF-BB3F-4158-8080-F3DBBF396BE7}
		{95CBD6C6-34F2-45A8-B74C-A37A1CC5C6AA} = {839098BF-BB3F-4158-8080-F3DBBF396BE7}
		{078A159E-6132-4962-8FD3-55397D6B27C1} = {839098BF-BB3F-4158-8080-F3DBBF396BE7}
		{9F293A4B-B1C3-4B7B-A663-B286E29E94F3} = {839098BF-BB3F-4158-8080-F3DBBF396BE7}
		{D3003D50-EB72-4196-B9D7-46F73A8AD005} = {839098BF-BB3F-4158-8080-F3DBBF396BE7}
		{15AA59C8-453B-4815-B462-74795E359798} = {839098BF-BB3F-4158-8080-F3DBBF396BE7}
		{B5D9BEF2-8F65-4F60-B980-54292EA0F82A} = {839098BF-BB3F-4158-8080-F3DBBF396BE7}
		{DBCE0189-E225-4DB8-8803-9BE823614A8B} = {839098BF-BB3F-4158-8080-F3DBBF396BE7}
		{FCA0203C-D7E6-4370-9703-0B28E4A55B7D} = {839098BF-BB3F-4158-8080-F3DBBF396BE7}
		{845D092F-65BB-43DE-B511-67EFE21F15C6} = {839098BF-BB3F-4158-8080-F3DBBF396BE7}
		{A6340870-8530-493A-B597-E6633EEBCADB} = {839098BF-BB3F-4158-8080-F3DBBF396BE7}
	EndGlobalSection
	GlobalSection(ExtensibilityGlobals) = postSolution
		SolutionGuid = {12B57921-DB66-451E-B27C-DDD3EAF60DBE}
	EndGlobalSection
EndGlobal
